// !$*UTF8*$!
{
	archiveVersion = 1;
	classes = {
	};
	objectVersion = 54;
	objects = {

/* Begin PBXBuildFile section */
		4LWVKT4TFECQQZ0YU6TVE66N /* AppDelegate.swift in Sources */ = {isa = PBXBuildFile; fileRef = QOI17HKO47Y2770ZHAQ810HO /* AppDelegate.swift */; };
		5HDEY4GFH2E4CGUGLFY5540S /* AppFrameworkInfo.plist in Resources */ = {isa = PBXBuildFile; fileRef = PU6TPKCADLC32QVX4KHC8TAX /* AppFrameworkInfo.plist */; };
		7H1BFX7PCITNKOG24AY9HSCY /* Pods_Runner.framework in Frameworks */ = {isa = PBXBuildFile; fileRef = EXA85X0SN215CQ316T0TQWHL /* Pods_Runner.framework */; };
		G2F5MQM5TGL1HJPEA2DGYXQ3 /* RunnerTests.swift in Sources */ = {isa = PBXBuildFile; fileRef = B9T7JAUJV9MOUDXKDMX3F1M6 /* RunnerTests.swift */; };
		P72SP2YDEUWCAN2ARPHMR3SN /* Main.storyboard in Resources */ = {isa = PBXBuildFile; fileRef = OM1ZWHIUBCA77V7PUWITC38P /* Main.storyboard */; };
		PVN2M4GIMGO0ESZTBG6UEE6S /* LaunchScreen.storyboard in Resources */ = {isa = PBXBuildFile; fileRef = SH7JZWN1H3KRAVBSY7QS0DNW /* LaunchScreen.storyboard */; };
		SE1SE1ZRGT8G243N8TSTRIN1 /* Assets.xcassets in Resources */ = {isa = PBXBuildFile; fileRef = 5VY1L54HQK874RR3ASS1ZR3Z /* Assets.xcassets */; };
		UL0SA24GYV3WK43E8C3X38X7 /* Pods_RunnerTests.framework in Frameworks */ = {isa = PBXBuildFile; fileRef = VOSPE1KI78D1JM0V8VH1Y4M1 /* Pods_RunnerTests.framework */; };
		WJWGUN8RUTWVHMBYQANH9OH0 /* GeneratedPluginRegistrant.m in Sources */ = {isa = PBXBuildFile; fileRef = 751KM6QVP7ZCQVGWVH1IYTQT /* GeneratedPluginRegistrant.m */; };
/* End PBXBuildFile section */

/* Begin PBXContainerItemProxy section */
		JMA0084J2VRA6LMRECDTGIII /* PBXContainerItemProxy */ = {
			isa = PBXContainerItemProxy;
			containerPortal = Q70483VYUPCC88MZKQK2EEMC /* Project object */;
			proxyType = 1;
			remoteGlobalIDString = U3NZLQ9VB2YV5DJ465VU1OCF;
			remoteInfo = Runner;
		};
/* End PBXContainerItemProxy section */

/* Begin PBXCopyFilesBuildPhase section */
		LXIVE512G8PZXLPB01VIHX3W /* Embed Frameworks */ = {
			isa = PBXCopyFilesBuildPhase;
			buildActionMask = 2147483647;
			dstPath = "";
			dstSubfolderSpec = 10;
			files = (
			);
			name = "Embed Frameworks";
			runOnlyForDeploymentPostprocessing = 0;
		};
/* End PBXCopyFilesBuildPhase section */

/* Begin PBXFileReference section */
		092061H4ZEK8FCK9IV6IRDP7 /* Runner-Bridging-Header.h */ = {isa = PBXFileReference; lastKnownFileType = sourcecode.c.h; path = "Runner-Bridging-Header.h"; sourceTree = "<group>"; };
		38VCC0T8P2H1YT8SOF5W53EM /* Release.xcconfig */ = {isa = PBXFileReference; lastKnownFileType = text.xcconfig; name = Release.xcconfig; path = Flutter/Release.xcconfig; sourceTree = "<group>"; };
		3QHT4TT2ISKS1QVSVIV7LNXW /* GeneratedPluginRegistrant.h */ = {isa = PBXFileReference; lastKnownFileType = sourcecode.c.h; path = GeneratedPluginRegistrant.h; sourceTree = "<group>"; };
		5QSDMPECJ0V8A0EDBESW4USL /* RunnerTests.xctest */ = {isa = PBXFileReference; explicitFileType = wrapper.cfbundle; includeInIndex = 0; path = RunnerTests.xctest; sourceTree = BUILT_PRODUCTS_DIR; };
		5S9X0CTD9F9BCZBAZASTZVX6 /* Pods-RunnerTests.profile.xcconfig */ = {isa = PBXFileReference; includeInIndex = 1; lastKnownFileType = text.xcconfig; name = "Pods-RunnerTests.profile.xcconfig"; path = "Target Support Files/Pods-RunnerTests/Pods-RunnerTests.profile.xcconfig"; sourceTree = "<group>"; };
		5VY1L54HQK874RR3ASS1ZR3Z /* Assets.xcassets */ = {isa = PBXFileReference; lastKnownFileType = folder.assetcatalog; path = Assets.xcassets; sourceTree = "<group>"; };
		751KM6QVP7ZCQVGWVH1IYTQT /* GeneratedPluginRegistrant.m */ = {isa = PBXFileReference; fileEncoding = 4; lastKnownFileType = sourcecode.c.objc; path = GeneratedPluginRegistrant.m; sourceTree = "<group>"; };
		9IF33ZZEY3MKJ7GFXQ0MV5LY /* Runner.app */ = {isa = PBXFileReference; explicitFileType = wrapper.application; includeInIndex = 0; path = Runner.app; sourceTree = BUILT_PRODUCTS_DIR; };
		AGFQRNBI5LYJ1Y5KRZFSZUQB /* Pods-RunnerTests.debug.xcconfig */ = {isa = PBXFileReference; includeInIndex = 1; lastKnownFileType = text.xcconfig; name = "Pods-RunnerTests.debug.xcconfig"; path = "Target Support Files/Pods-RunnerTests/Pods-RunnerTests.debug.xcconfig"; sourceTree = "<group>"; };
		B76P1HCDY26S7AMIXWGHKC1X /* Base */ = {isa = PBXFileReference; lastKnownFileType = file.storyboard; name = Base; path = Base.lproj/LaunchScreen.storyboard; sourceTree = "<group>"; };
		B9T7JAUJV9MOUDXKDMX3F1M6 /* RunnerTests.swift */ = {isa = PBXFileReference; lastKnownFileType = sourcecode.swift; path = RunnerTests.swift; sourceTree = "<group>"; };
		BV741JCWYGJEMQ5WRPU4HN93 /* Pods-Runner.release.xcconfig */ = {isa = PBXFileReference; includeInIndex = 1; lastKnownFileType = text.xcconfig; name = "Pods-Runner.release.xcconfig"; path = "Target Support Files/Pods-Runner/Pods-Runner.release.xcconfig"; sourceTree = "<group>"; };
		EXA85X0SN215CQ316T0TQWHL /* Pods_Runner.framework */ = {isa = PBXFileReference; explicitFileType = wrapper.framework; includeInIndex = 0; path = Pods_Runner.framework; sourceTree = BUILT_PRODUCTS_DIR; };
		FYSNW8QC0833FIUZ8GFWWRMW /* Info.plist */ = {isa = PBXFileReference; lastKnownFileType = text.plist.xml; path = Info.plist; sourceTree = "<group>"; };
		G5FYZ9LJGP66P1BF2XKIVDPA /* Generated.xcconfig */ = {isa = PBXFileReference; fileEncoding = 4; lastKnownFileType = text.xcconfig; name = Generated.xcconfig; path = Flutter/Generated.xcconfig; sourceTree = "<group>"; };
		H4EANG5CY7IGVVTWC6TYS3ET /* Pods-Runner.debug.xcconfig */ = {isa = PBXFileReference; includeInIndex = 1; lastKnownFileType = text.xcconfig; name = "Pods-Runner.debug.xcconfig"; path = "Target Support Files/Pods-Runner/Pods-Runner.debug.xcconfig"; sourceTree = "<group>"; };
		L5FKHYNHLB6556N5G25UO5HH /* Pods-Runner.profile.xcconfig */ = {isa = PBXFileReference; includeInIndex = 1; lastKnownFileType = text.xcconfig; name = "Pods-Runner.profile.xcconfig"; path = "Target Support Files/Pods-Runner/Pods-Runner.profile.xcconfig"; sourceTree = "<group>"; };
		NFOJ0VJO0ICHLXS3HFG58PG3 /* Pods-RunnerTests.release.xcconfig */ = {isa = PBXFileReference; includeInIndex = 1; lastKnownFileType = text.xcconfig; name = "Pods-RunnerTests.release.xcconfig"; path = "Target Support Files/Pods-RunnerTests/Pods-RunnerTests.release.xcconfig"; sourceTree = "<group>"; };
		PU6TPKCADLC32QVX4KHC8TAX /* AppFrameworkInfo.plist */ = {isa = PBXFileReference; fileEncoding = 4; lastKnownFileType = text.plist.xml; name = AppFrameworkInfo.plist; path = Flutter/AppFrameworkInfo.plist; sourceTree = "<group>"; };
		Q39MF9CTNC5671197NQ06DJM /* Base */ = {isa = PBXFileReference; lastKnownFileType = file.storyboard; name = Base; path = Base.lproj/Main.storyboard; sourceTree = "<group>"; };
		QOI17HKO47Y2770ZHAQ810HO /* AppDelegate.swift */ = {isa = PBXFileReference; fileEncoding = 4; lastKnownFileType = sourcecode.swift; path = AppDelegate.swift; sourceTree = "<group>"; };
		VOSPE1KI78D1JM0V8VH1Y4M1 /* Pods_RunnerTests.framework */ = {isa = PBXFileReference; explicitFileType = wrapper.framework; includeInIndex = 0; path = Pods_RunnerTests.framework; sourceTree = BUILT_PRODUCTS_DIR; };
		XJ4P2T2XKPFPLGL1EZA52RPO /* Debug.xcconfig */ = {isa = PBXFileReference; fileEncoding = 4; lastKnownFileType = text.xcconfig; name = Debug.xcconfig; path = Flutter/Debug.xcconfig; sourceTree = "<group>"; };
/* End PBXFileReference section */

/* Begin PBXFrameworksBuildPhase section */
		NFWZEC7A6YGQ7B54OP01O6JW /* Frameworks */ = {
			isa = PBXFrameworksBuildPhase;
			buildActionMask = 2147483647;
			files = (
				7H1BFX7PCITNKOG24AY9HSCY /* Pods_Runner.framework in Frameworks */,
			);
			runOnlyForDeploymentPostprocessing = 0;
		};
		O163MNIV2M6JR1F5EN10EW7L /* Frameworks */ = {
			isa = PBXFrameworksBuildPhase;
			buildActionMask = 2147483647;
			files = (
				UL0SA24GYV3WK43E8C3X38X7 /* Pods_RunnerTests.framework in Frameworks */,
			);
			runOnlyForDeploymentPostprocessing = 0;
		};
/* End PBXFrameworksBuildPhase section */

/* Begin PBXGroup section */
		29QSG8FSQ31FART8M8JUOINK /* Flutter */ = {
			isa = PBXGroup;
			children = (
				PU6TPKCADLC32QVX4KHC8TAX /* AppFrameworkInfo.plist */,
				XJ4P2T2XKPFPLGL1EZA52RPO /* Debug.xcconfig */,
				38VCC0T8P2H1YT8SOF5W53EM /* Release.xcconfig */,
				G5FYZ9LJGP66P1BF2XKIVDPA /* Generated.xcconfig */,
			);
			name = Flutter;
			sourceTree = "<group>";
		};
		AMQTP1BK901HFF9VYWTM602I /* Runner */ = {
			isa = PBXGroup;
			children = (
				5VY1L54HQK874RR3ASS1ZR3Z /* Assets.xcassets */,
				751KM6QVP7ZCQVGWVH1IYTQT /* GeneratedPluginRegistrant.m */,
				3QHT4TT2ISKS1QVSVIV7LNXW /* GeneratedPluginRegistrant.h */,
				OM1ZWHIUBCA77V7PUWITC38P /* Main.storyboard */,
				QOI17HKO47Y2770ZHAQ810HO /* AppDelegate.swift */,
				FYSNW8QC0833FIUZ8GFWWRMW /* Info.plist */,
				SH7JZWN1H3KRAVBSY7QS0DNW /* LaunchScreen.storyboard */,
				092061H4ZEK8FCK9IV6IRDP7 /* Runner-Bridging-Header.h */,
			);
			path = Runner;
			sourceTree = "<group>";
		};
		BIBVTU2FH122NRIM0X0UVXD1 = {
			isa = PBXGroup;
			children = (
				DJ0R5VBI0P0YI25FCREJ6IJV /* Products */,
				F5EBJUDD1U8FY649TXNSWH3V /* Pods */,
				FA3IPFX7XE7571CMB0JYLKP1 /* RunnerTests */,
				OX50ZHM8GIR0YE0RW7VPMWDI /* Frameworks */,
				29QSG8FSQ31FART8M8JUOINK /* Flutter */,
				AMQTP1BK901HFF9VYWTM602I /* Runner */,
			);
			sourceTree = "<group>";
		};
		DJ0R5VBI0P0YI25FCREJ6IJV /* Products */ = {
			isa = PBXGroup;
			children = (
				9IF33ZZEY3MKJ7GFXQ0MV5LY /* Runner.app */,
				5QSDMPECJ0V8A0EDBESW4USL /* RunnerTests.xctest */,
			);
			name = Products;
			sourceTree = "<group>";
		};
		F5EBJUDD1U8FY649TXNSWH3V /* Pods */ = {
			isa = PBXGroup;
			children = (
				5S9X0CTD9F9BCZBAZASTZVX6 /* Pods-RunnerTests.profile.xcconfig */,
				AGFQRNBI5LYJ1Y5KRZFSZUQB /* Pods-RunnerTests.debug.xcconfig */,
				BV741JCWYGJEMQ5WRPU4HN93 /* Pods-Runner.release.xcconfig */,
				H4EANG5CY7IGVVTWC6TYS3ET /* Pods-Runner.debug.xcconfig */,
				NFOJ0VJO0ICHLXS3HFG58PG3 /* Pods-RunnerTests.release.xcconfig */,
				L5FKHYNHLB6556N5G25UO5HH /* Pods-Runner.profile.xcconfig */,
			);
			path = Pods;
			sourceTree = "<group>";
		};
		FA3IPFX7XE7571CMB0JYLKP1 /* RunnerTests */ = {
			isa = PBXGroup;
			children = (
				B9T7JAUJV9MOUDXKDMX3F1M6 /* RunnerTests.swift */,
			);
			path = RunnerTests;
			sourceTree = "<group>";
		};
		OX50ZHM8GIR0YE0RW7VPMWDI /* Frameworks */ = {
			isa = PBXGroup;
			children = (
				EXA85X0SN215CQ316T0TQWHL /* Pods_Runner.framework */,
				VOSPE1KI78D1JM0V8VH1Y4M1 /* Pods_RunnerTests.framework */,
			);
			name = Frameworks;
			sourceTree = "<group>";
		};
/* End PBXGroup section */

/* Begin PBXNativeTarget section */
		GZ2SA5XZ1RF68HD7UW8MW538 /* RunnerTests */ = {
			isa = PBXNativeTarget;
			buildConfigurationList = UQ7HZBXLH5RA5JULJ3OMHRO6 /* Build configuration list for PBXNativeTarget "RunnerTests" */;
			buildPhases = (
				VETPQG50L3QN4TQDZAN9IDLW /* [CP] Check Pods Manifest.lock */,
				2J6RAZRESUK4ZP1QCUK68TIB /* Sources */,
				K16L0Y12WR7KL5ZT8Y4H02A3 /* Resources */,
				O163MNIV2M6JR1F5EN10EW7L /* Frameworks */,
			);
			buildRules = (
			);
			dependencies = (
				8KHMEVIHBJJTBI36UQVZW0PV /* PBXTargetDependency */,
			);
			name = RunnerTests;
			productName = RunnerTests;
			productReference = 5QSDMPECJ0V8A0EDBESW4USL /* RunnerTests.xctest */;
			productType = "com.apple.product-type.bundle.unit-test";
		};
		U3NZLQ9VB2YV5DJ465VU1OCF /* Runner */ = {
			isa = PBXNativeTarget;
			buildConfigurationList = 8RA5KPZSC7R8SLQBN6YQST2A /* Build configuration list for PBXNativeTarget "Runner" */;
			buildPhases = (
				T0F0SEAN40VPP473TTIL0P9C /* [CP] Check Pods Manifest.lock */,
				ABPJUGNMVPJU4T3LYGFLU1OC /* Run Script */,
				CRF4KE0NN1ZLM1DDXZAS0BNF /* Sources */,
				NFWZEC7A6YGQ7B54OP01O6JW /* Frameworks */,
				TMAE24CZ95LNNIQYJJ4G0HVX /* Resources */,
				LXIVE512G8PZXLPB01VIHX3W /* Embed Frameworks */,
				MG9CI6JPY7RX965PQ8F239T6 /* Thin Binary */,
				6LCI0MFG706MCWY94F71DUCX /* [CP] Embed Pods Frameworks */,
			);
			buildRules = (
			);
			dependencies = (
			);
			name = Runner;
			productName = Runner;
			productReference = 9IF33ZZEY3MKJ7GFXQ0MV5LY /* Runner.app */;
			productType = "com.apple.product-type.application";
		};
/* End PBXNativeTarget section */

/* Begin PBXProject section */
		Q70483VYUPCC88MZKQK2EEMC /* Project object */ = {
			isa = PBXProject;
			attributes = {
				BuildIndependentTargetsInParallel = YES;
				LastUpgradeCheck = 1510;
				ORGANIZATIONNAME = "";
				TargetAttributes = {
					GZ2SA5XZ1RF68HD7UW8MW538 = {
						CreatedOnToolsVersion = 14.0;
						TestTargetID = U3NZLQ9VB2YV5DJ465VU1OCF;
					};
					U3NZLQ9VB2YV5DJ465VU1OCF = {
						CreatedOnToolsVersion = 7.3.1;
						LastSwiftMigration = 1100;
					};
				};
			};
			buildConfigurationList = KFH5LMS08QZI3R32U5QKSZFR /* Build configuration list for PBXProject "Runner" */;
			compatibilityVersion = "Xcode 9.3";
			developmentRegion = en;
			hasScannedForEncodings = 0;
			knownRegions = (
				en,
				Base,
			);
			mainGroup = BIBVTU2FH122NRIM0X0UVXD1;
			productRefGroup = DJ0R5VBI0P0YI25FCREJ6IJV /* Products */;
			projectDirPath = "";
			projectRoot = "";
			targets = (
				U3NZLQ9VB2YV5DJ465VU1OCF /* Runner */,
				GZ2SA5XZ1RF68HD7UW8MW538 /* RunnerTests */,
			);
		};
/* End PBXProject section */

/* Begin PBXResourcesBuildPhase section */
		K16L0Y12WR7KL5ZT8Y4H02A3 /* Resources */ = {
			isa = PBXResourcesBuildPhase;
			buildActionMask = 2147483647;
			files = (
			);
			runOnlyForDeploymentPostprocessing = 0;
		};
		TMAE24CZ95LNNIQYJJ4G0HVX /* Resources */ = {
			isa = PBXResourcesBuildPhase;
			buildActionMask = 2147483647;
			files = (
				PVN2M4GIMGO0ESZTBG6UEE6S /* LaunchScreen.storyboard in Resources */,
				5HDEY4GFH2E4CGUGLFY5540S /* AppFrameworkInfo.plist in Resources */,
				SE1SE1ZRGT8G243N8TSTRIN1 /* Assets.xcassets in Resources */,
				P72SP2YDEUWCAN2ARPHMR3SN /* Main.storyboard in Resources */,
			);
			runOnlyForDeploymentPostprocessing = 0;
		};
/* End PBXResourcesBuildPhase section */

/* Begin PBXShellScriptBuildPhase section */
		6LCI0MFG706MCWY94F71DUCX /* [CP] Embed Pods Frameworks */ = {
			isa = PBXShellScriptBuildPhase;
			buildActionMask = 2147483647;
			files = (
			);
			inputFileListPaths = (
				"${PODS_ROOT}/Target Support Files/Pods-Runner/Pods-Runner-frameworks-${CONFIGURATION}-input-files.xcfilelist",
			);
			inputPaths = (
			);
			name = "[CP] Embed Pods Frameworks";
			outputFileListPaths = (
				"${PODS_ROOT}/Target Support Files/Pods-Runner/Pods-Runner-frameworks-${CONFIGURATION}-output-files.xcfilelist",
			);
			outputPaths = (
			);
			runOnlyForDeploymentPostprocessing = 0;
			shellPath = /bin/sh;
			shellScript = "\"${PODS_ROOT}/Target Support Files/Pods-Runner/Pods-Runner-frameworks.sh\"\n";
			showEnvVarsInLog = 0;
		};
		ABPJUGNMVPJU4T3LYGFLU1OC /* Run Script */ = {
			isa = PBXShellScriptBuildPhase;
			alwaysOutOfDate = 1;
			buildActionMask = 2147483647;
			files = (
			);
			inputPaths = (
			);
			name = "Run Script";
			outputPaths = (
			);
			runOnlyForDeploymentPostprocessing = 0;
			shellPath = /bin/sh;
			shellScript = "/bin/sh \"$FLUTTER_ROOT/packages/flutter_tools/bin/xcode_backend.sh\" build";
		};
		MG9CI6JPY7RX965PQ8F239T6 /* Thin Binary */ = {
			isa = PBXShellScriptBuildPhase;
			alwaysOutOfDate = 1;
			buildActionMask = 2147483647;
			files = (
			);
			inputPaths = (
				"${TARGET_BUILD_DIR}/${INFOPLIST_PATH}",
			);
			name = "Thin Binary";
			outputPaths = (
			);
			runOnlyForDeploymentPostprocessing = 0;
			shellPath = /bin/sh;
			shellScript = "/bin/sh \"$FLUTTER_ROOT/packages/flutter_tools/bin/xcode_backend.sh\" embed_and_thin";
		};
		T0F0SEAN40VPP473TTIL0P9C /* [CP] Check Pods Manifest.lock */ = {
			isa = PBXShellScriptBuildPhase;
			buildActionMask = 2147483647;
			files = (
			);
			inputFileListPaths = (
			);
			inputPaths = (
				"${PODS_PODFILE_DIR_PATH}/Podfile.lock",
				"${PODS_ROOT}/Manifest.lock",
			);
			name = "[CP] Check Pods Manifest.lock";
			outputFileListPaths = (
			);
			outputPaths = (
				"$(DERIVED_FILE_DIR)/Pods-Runner-checkManifestLockResult.txt",
			);
			runOnlyForDeploymentPostprocessing = 0;
			shellPath = /bin/sh;
			shellScript = "diff \"${PODS_PODFILE_DIR_PATH}/Podfile.lock\" \"${PODS_ROOT}/Manifest.lock\" > /dev/null\nif [ $? != 0 ] ; then\n    # print error to STDERR\n    echo \"error: The sandbox is not in sync with the Podfile.lock. Run 'pod install' or update your CocoaPods installation.\" >&2\n    exit 1\nfi\n# This output is used by Xcode 'outputs' to avoid re-running this script phase.\necho \"SUCCESS\" > \"${SCRIPT_OUTPUT_FILE_0}\"\n";
			showEnvVarsInLog = 0;
		};
		VETPQG50L3QN4TQDZAN9IDLW /* [CP] Check Pods Manifest.lock */ = {
			isa = PBXShellScriptBuildPhase;
			buildActionMask = 2147483647;
			files = (
			);
			inputFileListPaths = (
			);
			inputPaths = (
				"${PODS_PODFILE_DIR_PATH}/Podfile.lock",
				"${PODS_ROOT}/Manifest.lock",
			);
			name = "[CP] Check Pods Manifest.lock";
			outputFileListPaths = (
			);
			outputPaths = (
				"$(DERIVED_FILE_DIR)/Pods-RunnerTests-checkManifestLockResult.txt",
			);
			runOnlyForDeploymentPostprocessing = 0;
			shellPath = /bin/sh;
			shellScript = "diff \"${PODS_PODFILE_DIR_PATH}/Podfile.lock\" \"${PODS_ROOT}/Manifest.lock\" > /dev/null\nif [ $? != 0 ] ; then\n    # print error to STDERR\n    echo \"error: The sandbox is not in sync with the Podfile.lock. Run 'pod install' or update your CocoaPods installation.\" >&2\n    exit 1\nfi\n# This output is used by Xcode 'outputs' to avoid re-running this script phase.\necho \"SUCCESS\" > \"${SCRIPT_OUTPUT_FILE_0}\"\n";
			showEnvVarsInLog = 0;
		};
/* End PBXShellScriptBuildPhase section */

/* Begin PBXSourcesBuildPhase section */
		2J6RAZRESUK4ZP1QCUK68TIB /* Sources */ = {
			isa = PBXSourcesBuildPhase;
			buildActionMask = 2147483647;
			files = (
				G2F5MQM5TGL1HJPEA2DGYXQ3 /* RunnerTests.swift in Sources */,
			);
			runOnlyForDeploymentPostprocessing = 0;
		};
		CRF4KE0NN1ZLM1DDXZAS0BNF /* Sources */ = {
			isa = PBXSourcesBuildPhase;
			buildActionMask = 2147483647;
			files = (
				4LWVKT4TFECQQZ0YU6TVE66N /* AppDelegate.swift in Sources */,
				WJWGUN8RUTWVHMBYQANH9OH0 /* GeneratedPluginRegistrant.m in Sources */,
			);
			runOnlyForDeploymentPostprocessing = 0;
		};
/* End PBXSourcesBuildPhase section */

/* Begin PBXTargetDependency section */
		8KHMEVIHBJJTBI36UQVZW0PV /* PBXTargetDependency */ = {
			isa = PBXTargetDependency;
			target = U3NZLQ9VB2YV5DJ465VU1OCF /* Runner */;
			targetProxy = JMA0084J2VRA6LMRECDTGIII /* PBXContainerItemProxy */;
		};
/* End PBXTargetDependency section */

/* Begin PBXVariantGroup section */
		OM1ZWHIUBCA77V7PUWITC38P /* Main.storyboard */ = {
			isa = PBXVariantGroup;
			children = (
				Q39MF9CTNC5671197NQ06DJM /* Base */,
			);
			name = Main.storyboard;
			sourceTree = "<group>";
		};
		SH7JZWN1H3KRAVBSY7QS0DNW /* LaunchScreen.storyboard */ = {
			isa = PBXVariantGroup;
			children = (
				B76P1HCDY26S7AMIXWGHKC1X /* Base */,
			);
			name = LaunchScreen.storyboard;
			sourceTree = "<group>";
		};
/* End PBXVariantGroup section */

/* Begin XCBuildConfiguration section */
		09AXPNAZL2WFVQNTKUTW1B2Z /* Release */ = {
			isa = XCBuildConfiguration;
			baseConfigurationReference = NFOJ0VJO0ICHLXS3HFG58PG3 /* Pods-RunnerTests.release.xcconfig */;
			buildSettings = {
				BUNDLE_LOADER = "$(TEST_HOST)";
				CODE_SIGN_STYLE = Automatic;
				CURRENT_PROJECT_VERSION = 1;
				GENERATE_INFOPLIST_FILE = YES;
				MARKETING_VERSION = 1.0;
				PRODUCT_BUNDLE_IDENTIFIER = com.example.zenion.RunnerTests;
				PRODUCT_NAME = "$(TARGET_NAME)";
				SWIFT_VERSION = 5.0;
				TEST_HOST = "$(BUILT_PRODUCTS_DIR)/Runner.app/$(BUNDLE_EXECUTABLE_FOLDER_PATH)/Runner";
			};
			name = Release;
		};
		2YEWIFBPKBGRPFTR7VTAQA8O /* Profile */ = {
			isa = XCBuildConfiguration;
			baseConfigurationReference = 5S9X0CTD9F9BCZBAZASTZVX6 /* Pods-RunnerTests.profile.xcconfig */;
			buildSettings = {
				BUNDLE_LOADER = "$(TEST_HOST)";
				CODE_SIGN_STYLE = Automatic;
				CURRENT_PROJECT_VERSION = 1;
				GENERATE_INFOPLIST_FILE = YES;
				MARKETING_VERSION = 1.0;
				PRODUCT_BUNDLE_IDENTIFIER = com.example.zenion.RunnerTests;
				PRODUCT_NAME = "$(TARGET_NAME)";
				SWIFT_VERSION = 5.0;
				TEST_HOST = "$(BUILT_PRODUCTS_DIR)/Runner.app/$(BUNDLE_EXECUTABLE_FOLDER_PATH)/Runner";
			};
			name = Profile;
		};
		89AH3YVJOFYQDVZTNAFEMU44 /* Debug */ = {
			isa = XCBuildConfiguration;
			baseConfigurationReference = AGFQRNBI5LYJ1Y5KRZFSZUQB /* Pods-RunnerTests.debug.xcconfig */;
			buildSettings = {
				BUNDLE_LOADER = "$(TEST_HOST)";
				CODE_SIGN_STYLE = Automatic;
				CURRENT_PROJECT_VERSION = 1;
				GENERATE_INFOPLIST_FILE = YES;
				MARKETING_VERSION = 1.0;
				PRODUCT_BUNDLE_IDENTIFIER = com.example.zenion.RunnerTests;
				PRODUCT_NAME = "$(TARGET_NAME)";
				SWIFT_ACTIVE_COMPILATION_CONDITIONS = DEBUG;
				SWIFT_OPTIMIZATION_LEVEL = "-Onone";
				SWIFT_VERSION = 5.0;
				TEST_HOST = "$(BUILT_PRODUCTS_DIR)/Runner.app/$(BUNDLE_EXECUTABLE_FOLDER_PATH)/Runner";
			};
			name = Debug;
		};
		8BE1WFUH42HXF0E2264TF638 /* Debug */ = {
			isa = XCBuildConfiguration;
			buildSettings = {
				ALWAYS_SEARCH_USER_PATHS = NO;
				ASSETCATALOG_COMPILER_GENERATE_SWIFT_ASSET_SYMBOL_EXTENSIONS = YES;
				CLANG_ANALYZER_NONNULL = YES;
				CLANG_CXX_LANGUAGE_STANDARD = "gnu++0x";
				CLANG_CXX_LIBRARY = "libc++";
				CLANG_ENABLE_MODULES = YES;
				CLANG_ENABLE_OBJC_ARC = YES;
				CLANG_WARN_BLOCK_CAPTURE_AUTORELEASING = YES;
				CLANG_WARN_BOOL_CONVERSION = YES;
				CLANG_WARN_COMMA = YES;
				CLANG_WARN_CONSTANT_CONVERSION = YES;
				CLANG_WARN_DEPRECATED_OBJC_IMPLEMENTATIONS = YES;
				CLANG_WARN_DIRECT_OBJC_ISA_USAGE = YES_ERROR;
				CLANG_WARN_EMPTY_BODY = YES;
				CLANG_WARN_ENUM_CONVERSION = YES;
				CLANG_WARN_INFINITE_RECURSION = YES;
				CLANG_WARN_INT_CONVERSION = YES;
				CLANG_WARN_NON_LITERAL_NULL_CONVERSION = YES;
				CLANG_WARN_OBJC_IMPLICIT_RETAIN_SELF = YES;
				CLANG_WARN_OBJC_LITERAL_CONVERSION = YES;
				CLANG_WARN_OBJC_ROOT_CLASS = YES_ERROR;
				CLANG_WARN_RANGE_LOOP_ANALYSIS = YES;
				CLANG_WARN_STRICT_PROTOTYPES = YES;
				CLANG_WARN_SUSPICIOUS_MOVE = YES;
				CLANG_WARN_UNREACHABLE_CODE = YES;
				CLANG_WARN__DUPLICATE_METHOD_MATCH = YES;
				"CODE_SIGN_IDENTITY[sdk=iphoneos*]" = "iPhone Developer";
				COPY_PHASE_STRIP = NO;
				DEBUG_INFORMATION_FORMAT = dwarf;
				ENABLE_STRICT_OBJC_MSGSEND = YES;
				ENABLE_TESTABILITY = YES;
				ENABLE_USER_SCRIPT_SANDBOXING = NO;
				GCC_C_LANGUAGE_STANDARD = gnu99;
				GCC_DYNAMIC_NO_PIC = NO;
				GCC_NO_COMMON_BLOCKS = YES;
				GCC_OPTIMIZATION_LEVEL = 0;
				GCC_PREPROCESSOR_DEFINITIONS = (
					"DEBUG=1",
					"$(inherited)",
				);
				GCC_WARN_64_TO_32_BIT_CONVERSION = YES;
				GCC_WARN_ABOUT_RETURN_TYPE = YES_ERROR;
				GCC_WARN_UNDECLARED_SELECTOR = YES;
				GCC_WARN_UNINITIALIZED_AUTOS = YES_AGGRESSIVE;
				GCC_WARN_UNUSED_FUNCTION = YES;
				GCC_WARN_UNUSED_VARIABLE = YES;
				IPHONEOS_DEPLOYMENT_TARGET = 13.0;
				MTL_ENABLE_DEBUG_INFO = YES;
				ONLY_ACTIVE_ARCH = YES;
				SDKROOT = iphoneos;
				TARGETED_DEVICE_FAMILY = "1,2";
			};
			name = Debug;
		};
		92YIZ1VS0NBWFOYU04S59F6N /* Profile */ = {
			isa = XCBuildConfiguration;
			baseConfigurationReference = 38VCC0T8P2H1YT8SOF5W53EM /* Release.xcconfig */;
			buildSettings = {
				ASSETCATALOG_COMPILER_APPICON_NAME = AppIcon;
				CLANG_ENABLE_MODULES = YES;
				"CODE_SIGN_IDENTITY[sdk=iphoneos*]" = "iPhone Distribution";
				CODE_SIGN_STYLE = Manual;
				CURRENT_PROJECT_VERSION = "$(FLUTTER_BUILD_NUMBER)";
				DEVELOPMENT_TEAM = "";
				"DEVELOPMENT_TEAM[sdk=iphoneos*]" = D23R2LMN7Z;
				ENABLE_BITCODE = NO;
				INFOPLIST_FILE = Runner/Info.plist;
				LD_RUNPATH_SEARCH_PATHS = (
					"$(inherited)",
					"@executable_path/Frameworks",
				);
				PRODUCT_BUNDLE_IDENTIFIER = com.zenion;
				PRODUCT_NAME = "$(TARGET_NAME)";
				PROVISIONING_PROFILE_SPECIFIER = "";
				"PROVISIONING_PROFILE_SPECIFIER[sdk=iphoneos*]" = D23R2LMN7Z.com.zenion;
				SUPPORTED_PLATFORMS = "iphoneos iphonesimulator";
				SUPPORTS_MACCATALYST = NO;
				SUPPORTS_MAC_DESIGNED_FOR_IPHONE_IPAD = NO;
				SUPPORTS_XR_DESIGNED_FOR_IPHONE_IPAD = NO;
				SWIFT_OBJC_BRIDGING_HEADER = "Runner/Runner-Bridging-Header.h";
				SWIFT_VERSION = 5.0;
				TARGETED_DEVICE_FAMILY = "1,2";
				VERSIONING_SYSTEM = "apple-generic";
			};
			name = Profile;
		};
		A2ZGI03SMUDXQ8UG2GCMDBKZ /* Profile */ = {
			isa = XCBuildConfiguration;
			buildSettings = {
				ALWAYS_SEARCH_USER_PATHS = NO;
				ASSETCATALOG_COMPILER_GENERATE_SWIFT_ASSET_SYMBOL_EXTENSIONS = YES;
				CLANG_ANALYZER_NONNULL = YES;
				CLANG_CXX_LANGUAGE_STANDARD = "gnu++0x";
				CLANG_CXX_LIBRARY = "libc++";
				CLANG_ENABLE_MODULES = YES;
				CLANG_ENABLE_OBJC_ARC = YES;
				CLANG_WARN_BLOCK_CAPTURE_AUTORELEASING = YES;
				CLANG_WARN_BOOL_CONVERSION = YES;
				CLANG_WARN_COMMA = YES;
				CLANG_WARN_CONSTANT_CONVERSION = YES;
				CLANG_WARN_DEPRECATED_OBJC_IMPLEMENTATIONS = YES;
				CLANG_WARN_DIRECT_OBJC_ISA_USAGE = YES_ERROR;
				CLANG_WARN_EMPTY_BODY = YES;
				CLANG_WARN_ENUM_CONVERSION = YES;
				CLANG_WARN_INFINITE_RECURSION = YES;
				CLANG_WARN_INT_CONVERSION = YES;
				CLANG_WARN_NON_LITERAL_NULL_CONVERSION = YES;
				CLANG_WARN_OBJC_IMPLICIT_RETAIN_SELF = YES;
				CLANG_WARN_OBJC_LITERAL_CONVERSION = YES;
				CLANG_WARN_OBJC_ROOT_CLASS = YES_ERROR;
				CLANG_WARN_RANGE_LOOP_ANALYSIS = YES;
				CLANG_WARN_STRICT_PROTOTYPES = YES;
				CLANG_WARN_SUSPICIOUS_MOVE = YES;
				CLANG_WARN_UNREACHABLE_CODE = YES;
				CLANG_WARN__DUPLICATE_METHOD_MATCH = YES;
				"CODE_SIGN_IDENTITY[sdk=iphoneos*]" = "iPhone Developer";
				COPY_PHASE_STRIP = NO;
				DEBUG_INFORMATION_FORMAT = "dwarf-with-dsym";
				ENABLE_NS_ASSERTIONS = NO;
				ENABLE_STRICT_OBJC_MSGSEND = YES;
				ENABLE_USER_SCRIPT_SANDBOXING = NO;
				GCC_C_LANGUAGE_STANDARD = gnu99;
				GCC_NO_COMMON_BLOCKS = YES;
				GCC_WARN_64_TO_32_BIT_CONVERSION = YES;
				GCC_WARN_ABOUT_RETURN_TYPE = YES_ERROR;
				GCC_WARN_UNDECLARED_SELECTOR = YES;
				GCC_WARN_UNINITIALIZED_AUTOS = YES_AGGRESSIVE;
				GCC_WARN_UNUSED_FUNCTION = YES;
				GCC_WARN_UNUSED_VARIABLE = YES;
				IPHONEOS_DEPLOYMENT_TARGET = 13.0;
				MTL_ENABLE_DEBUG_INFO = NO;
				SDKROOT = iphoneos;
				SUPPORTED_PLATFORMS = iphoneos;
				TARGETED_DEVICE_FAMILY = "1,2";
				VALIDATE_PRODUCT = YES;
			};
			name = Profile;
		};
		CV40GBRO1RT9AKODPXRVDM03 /* Release */ = {
			isa = XCBuildConfiguration;
			baseConfigurationReference = 38VCC0T8P2H1YT8SOF5W53EM /* Release.xcconfig */;
			buildSettings = {
				ASSETCATALOG_COMPILER_APPICON_NAME = AppIcon;
				CLANG_ENABLE_MODULES = YES;
				"CODE_SIGN_IDENTITY[sdk=iphoneos*]" = "iPhone Distribution";
				CODE_SIGN_STYLE = Manual;
				CURRENT_PROJECT_VERSION = "$(FLUTTER_BUILD_NUMBER)";
				DEVELOPMENT_TEAM = "";
				"DEVELOPMENT_TEAM[sdk=iphoneos*]" = D23R2LMN7Z;
				ENABLE_BITCODE = NO;
				INFOPLIST_FILE = Runner/Info.plist;
				LD_RUNPATH_SEARCH_PATHS = (
					"$(inherited)",
					"@executable_path/Frameworks",
				);
				PRODUCT_BUNDLE_IDENTIFIER = com.zenion;
				PRODUCT_NAME = "$(TARGET_NAME)";
				PROVISIONING_PROFILE_SPECIFIER = "";
				"PROVISIONING_PROFILE_SPECIFIER[sdk=iphoneos*]" = D23R2LMN7Z.com.zenion;
				SUPPORTED_PLATFORMS = "iphoneos iphonesimulator";
				SUPPORTS_MACCATALYST = NO;
				SUPPORTS_MAC_DESIGNED_FOR_IPHONE_IPAD = NO;
				SUPPORTS_XR_DESIGNED_FOR_IPHONE_IPAD = NO;
				SWIFT_OBJC_BRIDGING_HEADER = "Runner/Runner-Bridging-Header.h";
				SWIFT_VERSION = 5.0;
				TARGETED_DEVICE_FAMILY = "1,2";
				VERSIONING_SYSTEM = "apple-generic";
			};
			name = Release;
		};
		IUOSMKASLRQ70P895HSG56K4 /* Release */ = {
			isa = XCBuildConfiguration;
			buildSettings = {
				ALWAYS_SEARCH_USER_PATHS = NO;
				ASSETCATALOG_COMPILER_GENERATE_SWIFT_ASSET_SYMBOL_EXTENSIONS = YES;
				CLANG_ANALYZER_NONNULL = YES;
				CLANG_CXX_LANGUAGE_STANDARD = "gnu++0x";
				CLANG_CXX_LIBRARY = "libc++";
				CLANG_ENABLE_MODULES = YES;
				CLANG_ENABLE_OBJC_ARC = YES;
				CLANG_WARN_BLOCK_CAPTURE_AUTORELEASING = YES;
				CLANG_WARN_BOOL_CONVERSION = YES;
				CLANG_WARN_COMMA = YES;
				CLANG_WARN_CONSTANT_CONVERSION = YES;
				CLANG_WARN_DEPRECATED_OBJC_IMPLEMENTATIONS = YES;
				CLANG_WARN_DIRECT_OBJC_ISA_USAGE = YES_ERROR;
				CLANG_WARN_EMPTY_BODY = YES;
				CLANG_WARN_ENUM_CONVERSION = YES;
				CLANG_WARN_INFINITE_RECURSION = YES;
				CLANG_WARN_INT_CONVERSION = YES;
				CLANG_WARN_NON_LITERAL_NULL_CONVERSION = YES;
				CLANG_WARN_OBJC_IMPLICIT_RETAIN_SELF = YES;
				CLANG_WARN_OBJC_LITERAL_CONVERSION = YES;
				CLANG_WARN_OBJC_ROOT_CLASS = YES_ERROR;
				CLANG_WARN_RANGE_LOOP_ANALYSIS = YES;
				CLANG_WARN_STRICT_PROTOTYPES = YES;
				CLANG_WARN_SUSPICIOUS_MOVE = YES;
				CLANG_WARN_UNREACHABLE_CODE = YES;
				CLANG_WARN__DUPLICATE_METHOD_MATCH = YES;
				"CODE_SIGN_IDENTITY[sdk=iphoneos*]" = "iPhone Developer";
				COPY_PHASE_STRIP = NO;
				DEBUG_INFORMATION_FORMAT = "dwarf-with-dsym";
				ENABLE_NS_ASSERTIONS = NO;
				ENABLE_STRICT_OBJC_MSGSEND = YES;
				ENABLE_USER_SCRIPT_SANDBOXING = NO;
				GCC_C_LANGUAGE_STANDARD = gnu99;
				GCC_NO_COMMON_BLOCKS = YES;
				GCC_WARN_64_TO_32_BIT_CONVERSION = YES;
				GCC_WARN_ABOUT_RETURN_TYPE = YES_ERROR;
				GCC_WARN_UNDECLARED_SELECTOR = YES;
				GCC_WARN_UNINITIALIZED_AUTOS = YES_AGGRESSIVE;
				GCC_WARN_UNUSED_FUNCTION = YES;
				GCC_WARN_UNUSED_VARIABLE = YES;
				IPHONEOS_DEPLOYMENT_TARGET = 13.0;
				MTL_ENABLE_DEBUG_INFO = NO;
				SDKROOT = iphoneos;
				SUPPORTED_PLATFORMS = iphoneos;
				SWIFT_COMPILATION_MODE = wholemodule;
				SWIFT_OPTIMIZATION_LEVEL = "-O";
				TARGETED_DEVICE_FAMILY = "1,2";
				VALIDATE_PRODUCT = YES;
			};
			name = Release;
		};
		NBUDI04TI4DM7NL0BWZH6D6I /* Debug */ = {
			isa = XCBuildConfiguration;
			baseConfigurationReference = XJ4P2T2XKPFPLGL1EZA52RPO /* Debug.xcconfig */;
			buildSettings = {
				ASSETCATALOG_COMPILER_APPICON_NAME = AppIcon;
				CLANG_ENABLE_MODULES = YES;
				"CODE_SIGN_IDENTITY[sdk=iphoneos*]" = "iPhone Distribution";
				CODE_SIGN_STYLE = Manual;
				CURRENT_PROJECT_VERSION = "$(FLUTTER_BUILD_NUMBER)";
				DEVELOPMENT_TEAM = "";
				"DEVELOPMENT_TEAM[sdk=iphoneos*]" = D23R2LMN7Z;
				ENABLE_BITCODE = NO;
				INFOPLIST_FILE = Runner/Info.plist;
				LD_RUNPATH_SEARCH_PATHS = (
					"$(inherited)",
					"@executable_path/Frameworks",
				);
				PRODUCT_BUNDLE_IDENTIFIER = com.zenion;
				PRODUCT_NAME = "$(TARGET_NAME)";
				PROVISIONING_PROFILE_SPECIFIER = "";
				"PROVISIONING_PROFILE_SPECIFIER[sdk=iphoneos*]" = D23R2LMN7Z.com.zenion;
				SUPPORTED_PLATFORMS = "iphoneos iphonesimulator";
				SUPPORTS_MACCATALYST = NO;
				SUPPORTS_MAC_DESIGNED_FOR_IPHONE_IPAD = NO;
				SUPPORTS_XR_DESIGNED_FOR_IPHONE_IPAD = NO;
				SWIFT_OBJC_BRIDGING_HEADER = "Runner/Runner-Bridging-Header.h";
				SWIFT_OPTIMIZATION_LEVEL = "-Onone";
				SWIFT_VERSION = 5.0;
				TARGETED_DEVICE_FAMILY = "1,2";
				VERSIONING_SYSTEM = "apple-generic";
			};
			name = Debug;
		};
/* End XCBuildConfiguration section */

/* Begin XCConfigurationList section */
		8RA5KPZSC7R8SLQBN6YQST2A /* Build configuration list for PBXNativeTarget "Runner" */ = {
			isa = XCConfigurationList;
			buildConfigurations = (
				NBUDI04TI4DM7NL0BWZH6D6I /* Debug */,
				CV40GBRO1RT9AKODPXRVDM03 /* Release */,
				92YIZ1VS0NBWFOYU04S59F6N /* Profile */,
			);
			defaultConfigurationIsVisible = 0;
			defaultConfigurationName = Release;
		};
		KFH5LMS08QZI3R32U5QKSZFR /* Build configuration list for PBXProject "Runner" */ = {
			isa = XCConfigurationList;
			buildConfigurations = (
				8BE1WFUH42HXF0E2264TF638 /* Debug */,
				IUOSMKASLRQ70P895HSG56K4 /* Release */,
				A2ZGI03SMUDXQ8UG2GCMDBKZ /* Profile */,
			);
			defaultConfigurationIsVisible = 0;
			defaultConfigurationName = Release;
		};
		UQ7HZBXLH5RA5JULJ3OMHRO6 /* Build configuration list for PBXNativeTarget "RunnerTests" */ = {
			isa = XCConfigurationList;
			buildConfigurations = (
				89AH3YVJOFYQDVZTNAFEMU44 /* Debug */,
				09AXPNAZL2WFVQNTKUTW1B2Z /* Release */,
				2YEWIFBPKBGRPFTR7VTAQA8O /* Profile */,
			);
			defaultConfigurationIsVisible = 0;
			defaultConfigurationName = Release;
		};
/* End XCConfigurationList section */
	};
	rootObject = Q70483VYUPCC88MZKQK2EEMC /* Project object */;
}
