// !$*UTF8*$!
{
	archiveVersion = 1;
	classes = {
	};
	objectVersion = 54;
	objects = {

/* Begin PBXBuildFile section */
		5I6QTZL7LWTWE0O05X4FMWZZ /* RunnerTests.swift in Sources */ = {isa = PBXBuildFile; fileRef = DJBYUHRXLBKRH5ZTB6XHTTTQ /* RunnerTests.swift */; };
		7G7F1W9GTZZEK4CGTW4B0M37 /* Pods_RunnerTests.framework in Frameworks */ = {isa = PBXBuildFile; fileRef = EU5V6ZBB0U2V7RPV0KCOA3ZZ /* Pods_RunnerTests.framework */; };
		9KECCYDQTN1G20TXAJCNU3WN /* LaunchScreen.storyboard in Resources */ = {isa = PBXBuildFile; fileRef = E5Q13MFRU6YZBNZ4O1NA1JFF /* LaunchScreen.storyboard */; };
		B59XMQST0I6B7MF8G7NXUX56 /* Assets.xcassets in Resources */ = {isa = PBXBuildFile; fileRef = 6AD3AR2DDNLN98GKV05W78Z5 /* Assets.xcassets */; };
		SOQXW2PJOXG3AXCPKJTM9WYP /* GeneratedPluginRegistrant.m in Sources */ = {isa = PBXBuildFile; fileRef = 6T1QX582C78G0ACRLFU1ICUC /* GeneratedPluginRegistrant.m */; };
		WB5XS9NS4PEV5Y59RVOTLH59 /* AppFrameworkInfo.plist in Resources */ = {isa = PBXBuildFile; fileRef = 5G30ID46PBLFLO5BW7DJKHP5 /* AppFrameworkInfo.plist */; };
		WE6GJUKKZ3Z40WKCIUKRQPOT /* Pods_Runner.framework in Frameworks */ = {isa = PBXBuildFile; fileRef = CTZRGOFCW0X03A64D2M4MWUT /* Pods_Runner.framework */; };
		X5BMUI49Y5HSE415KTZS2PTC /* Main.storyboard in Resources */ = {isa = PBXBuildFile; fileRef = 46IN2ILZS7MS72GIR1K85ON2 /* Main.storyboard */; };
		XYDJQO9RGGHJY5GX9R1H3TMB /* AppDelegate.swift in Sources */ = {isa = PBXBuildFile; fileRef = 2RZUBIA0F1IKZZBR0EYEJKHI /* AppDelegate.swift */; };
/* End PBXBuildFile section */

/* Begin PBXContainerItemProxy section */
		CQYKGD87VDQBF6O5UCR3AW2W /* PBXContainerItemProxy */ = {
			isa = PBXContainerItemProxy;
			containerPortal = CN85QRYVPGNLTIVFTBOFJVB5 /* Project object */;
			proxyType = 1;
			remoteGlobalIDString = YQC1W2GQWM1HWWE132WRUKKC;
			remoteInfo = Runner;
		};
/* End PBXContainerItemProxy section */

/* Begin PBXCopyFilesBuildPhase section */
		HNXK0FEFTMNYWVUSEWN6PWFJ /* Embed Frameworks */ = {
			isa = PBXCopyFilesBuildPhase;
			buildActionMask = 2147483647;
			dstPath = "";
			dstSubfolderSpec = 10;
			files = (
			);
			name = "Embed Frameworks";
			runOnlyForDeploymentPostprocessing = 0;
		};
/* End PBXCopyFilesBuildPhase section */

/* Begin PBXFileReference section */
		1OJBTS7U68QZ47Y42CQTQCTD /* Pods-RunnerTests.release.xcconfig */ = {isa = PBXFileReference; includeInIndex = 1; lastKnownFileType = text.xcconfig; name = "Pods-RunnerTests.release.xcconfig"; path = "Target Support Files/Pods-RunnerTests/Pods-RunnerTests.release.xcconfig"; sourceTree = "<group>"; };
		2EHR1RK9MS7V1SNYH3W3P9O9 /* Runner.app */ = {isa = PBXFileReference; explicitFileType = wrapper.application; includeInIndex = 0; path = Runner.app; sourceTree = BUILT_PRODUCTS_DIR; };
		2RZUBIA0F1IKZZBR0EYEJKHI /* AppDelegate.swift */ = {isa = PBXFileReference; fileEncoding = 4; lastKnownFileType = sourcecode.swift; path = AppDelegate.swift; sourceTree = "<group>"; };
		5G30ID46PBLFLO5BW7DJKHP5 /* AppFrameworkInfo.plist */ = {isa = PBXFileReference; fileEncoding = 4; lastKnownFileType = text.plist.xml; name = AppFrameworkInfo.plist; path = Flutter/AppFrameworkInfo.plist; sourceTree = "<group>"; };
		64ELNEMGUAN5D0MR4AG97E28 /* Pods-Runner.release.xcconfig */ = {isa = PBXFileReference; includeInIndex = 1; lastKnownFileType = text.xcconfig; name = "Pods-Runner.release.xcconfig"; path = "Target Support Files/Pods-Runner/Pods-Runner.release.xcconfig"; sourceTree = "<group>"; };
		6AD3AR2DDNLN98GKV05W78Z5 /* Assets.xcassets */ = {isa = PBXFileReference; lastKnownFileType = folder.assetcatalog; path = Assets.xcassets; sourceTree = "<group>"; };
		6KLMTQY76B9CUDYNSNCFCP85 /* Pods-RunnerTests.debug.xcconfig */ = {isa = PBXFileReference; includeInIndex = 1; lastKnownFileType = text.xcconfig; name = "Pods-RunnerTests.debug.xcconfig"; path = "Target Support Files/Pods-RunnerTests/Pods-RunnerTests.debug.xcconfig"; sourceTree = "<group>"; };
		6T1QX582C78G0ACRLFU1ICUC /* GeneratedPluginRegistrant.m */ = {isa = PBXFileReference; fileEncoding = 4; lastKnownFileType = sourcecode.c.objc; path = GeneratedPluginRegistrant.m; sourceTree = "<group>"; };
		7WEYDS0FDENWZNQK2WM9GAFC /* Pods-Runner.profile.xcconfig */ = {isa = PBXFileReference; includeInIndex = 1; lastKnownFileType = text.xcconfig; name = "Pods-Runner.profile.xcconfig"; path = "Target Support Files/Pods-Runner/Pods-Runner.profile.xcconfig"; sourceTree = "<group>"; };
		9ER3ROI4MCCYCK2JB59LGRLO /* Base */ = {isa = PBXFileReference; lastKnownFileType = file.storyboard; name = Base; path = Base.lproj/LaunchScreen.storyboard; sourceTree = "<group>"; };
		C2J3LRS5T8B651VI463RHNXF /* Release.xcconfig */ = {isa = PBXFileReference; lastKnownFileType = text.xcconfig; name = Release.xcconfig; path = Flutter/Release.xcconfig; sourceTree = "<group>"; };
		CLGFJ6VPQA0QKWQIBJ77PW3M /* Pods-RunnerTests.profile.xcconfig */ = {isa = PBXFileReference; includeInIndex = 1; lastKnownFileType = text.xcconfig; name = "Pods-RunnerTests.profile.xcconfig"; path = "Target Support Files/Pods-RunnerTests/Pods-RunnerTests.profile.xcconfig"; sourceTree = "<group>"; };
		CTZRGOFCW0X03A64D2M4MWUT /* Pods_Runner.framework */ = {isa = PBXFileReference; explicitFileType = wrapper.framework; includeInIndex = 0; path = Pods_Runner.framework; sourceTree = BUILT_PRODUCTS_DIR; };
		D2DZE2XSLAJXBOS681134HP9 /* Pods-Runner.debug.xcconfig */ = {isa = PBXFileReference; includeInIndex = 1; lastKnownFileType = text.xcconfig; name = "Pods-Runner.debug.xcconfig"; path = "Target Support Files/Pods-Runner/Pods-Runner.debug.xcconfig"; sourceTree = "<group>"; };
		DJBYUHRXLBKRH5ZTB6XHTTTQ /* RunnerTests.swift */ = {isa = PBXFileReference; lastKnownFileType = sourcecode.swift; path = RunnerTests.swift; sourceTree = "<group>"; };
		EU5V6ZBB0U2V7RPV0KCOA3ZZ /* Pods_RunnerTests.framework */ = {isa = PBXFileReference; explicitFileType = wrapper.framework; includeInIndex = 0; path = Pods_RunnerTests.framework; sourceTree = BUILT_PRODUCTS_DIR; };
		FA1HHSQ81NV5Y062CWR0G0PE /* GeneratedPluginRegistrant.h */ = {isa = PBXFileReference; lastKnownFileType = sourcecode.c.h; path = GeneratedPluginRegistrant.h; sourceTree = "<group>"; };
		QDN46E1BN0ZRCWQROTPZ92LS /* Debug.xcconfig */ = {isa = PBXFileReference; fileEncoding = 4; lastKnownFileType = text.xcconfig; name = Debug.xcconfig; path = Flutter/Debug.xcconfig; sourceTree = "<group>"; };
		R3Y58J01LTD3VREIQ4AECN79 /* Base */ = {isa = PBXFileReference; lastKnownFileType = file.storyboard; name = Base; path = Base.lproj/Main.storyboard; sourceTree = "<group>"; };
		R9ZYEXR7DD6KODY3MXQNTS3Q /* Generated.xcconfig */ = {isa = PBXFileReference; fileEncoding = 4; lastKnownFileType = text.xcconfig; name = Generated.xcconfig; path = Flutter/Generated.xcconfig; sourceTree = "<group>"; };
		RRXOHH7XBEK27WEVKFWTLJLY /* Runner-Bridging-Header.h */ = {isa = PBXFileReference; lastKnownFileType = sourcecode.c.h; path = "Runner-Bridging-Header.h"; sourceTree = "<group>"; };
		UNVDFO9H0TRBW13DS86XQYD6 /* Info.plist */ = {isa = PBXFileReference; lastKnownFileType = text.plist.xml; path = Info.plist; sourceTree = "<group>"; };
		VTDNCULN8PX8RUQN85INPGWC /* RunnerTests.xctest */ = {isa = PBXFileReference; explicitFileType = wrapper.cfbundle; includeInIndex = 0; path = RunnerTests.xctest; sourceTree = BUILT_PRODUCTS_DIR; };
/* End PBXFileReference section */

/* Begin PBXFrameworksBuildPhase section */
		DLPRFRYWADQIBM0A5UTEY47G /* Frameworks */ = {
			isa = PBXFrameworksBuildPhase;
			buildActionMask = 2147483647;
			files = (
				WE6GJUKKZ3Z40WKCIUKRQPOT /* Pods_Runner.framework in Frameworks */,
			);
			runOnlyForDeploymentPostprocessing = 0;
		};
		R6GM0L1B67SPY8FDS6V6J3U1 /* Frameworks */ = {
			isa = PBXFrameworksBuildPhase;
			buildActionMask = 2147483647;
			files = (
				7G7F1W9GTZZEK4CGTW4B0M37 /* Pods_RunnerTests.framework in Frameworks */,
			);
			runOnlyForDeploymentPostprocessing = 0;
		};
/* End PBXFrameworksBuildPhase section */

/* Begin PBXGroup section */
		69ATU1GYLXQNH03XZLMN61R1 = {
			isa = PBXGroup;
			children = (
				J1O38OBGD7GL0P2XJI49RAZU /* Flutter */,
				GYWMJECES9ZUCWCBN6S9IJPI /* RunnerTests */,
				ULBUL774N9JE8EZ73WR1CI9I /* Runner */,
				G8IKWZBKBM57844N8ZS69PFP /* Pods */,
				F2W2EFUW99FPN8JC6BG74YSR /* Frameworks */,
				8IX8FPPFBSXWEEXODWXRJVT1 /* Products */,
			);
			sourceTree = "<group>";
		};
		8IX8FPPFBSXWEEXODWXRJVT1 /* Products */ = {
			isa = PBXGroup;
			children = (
				2EHR1RK9MS7V1SNYH3W3P9O9 /* Runner.app */,
				VTDNCULN8PX8RUQN85INPGWC /* RunnerTests.xctest */,
			);
			name = Products;
			sourceTree = "<group>";
		};
		F2W2EFUW99FPN8JC6BG74YSR /* Frameworks */ = {
			isa = PBXGroup;
			children = (
				CTZRGOFCW0X03A64D2M4MWUT /* Pods_Runner.framework */,
				EU5V6ZBB0U2V7RPV0KCOA3ZZ /* Pods_RunnerTests.framework */,
			);
			name = Frameworks;
			sourceTree = "<group>";
		};
		G8IKWZBKBM57844N8ZS69PFP /* Pods */ = {
			isa = PBXGroup;
			children = (
				6KLMTQY76B9CUDYNSNCFCP85 /* Pods-RunnerTests.debug.xcconfig */,
				D2DZE2XSLAJXBOS681134HP9 /* Pods-Runner.debug.xcconfig */,
				1OJBTS7U68QZ47Y42CQTQCTD /* Pods-RunnerTests.release.xcconfig */,
				CLGFJ6VPQA0QKWQIBJ77PW3M /* Pods-RunnerTests.profile.xcconfig */,
				64ELNEMGUAN5D0MR4AG97E28 /* Pods-Runner.release.xcconfig */,
				7WEYDS0FDENWZNQK2WM9GAFC /* Pods-Runner.profile.xcconfig */,
			);
			path = Pods;
			sourceTree = "<group>";
		};
		GYWMJECES9ZUCWCBN6S9IJPI /* RunnerTests */ = {
			isa = PBXGroup;
			children = (
				DJBYUHRXLBKRH5ZTB6XHTTTQ /* RunnerTests.swift */,
			);
			path = RunnerTests;
			sourceTree = "<group>";
		};
		J1O38OBGD7GL0P2XJI49RAZU /* Flutter */ = {
			isa = PBXGroup;
			children = (
				5G30ID46PBLFLO5BW7DJKHP5 /* AppFrameworkInfo.plist */,
				QDN46E1BN0ZRCWQROTPZ92LS /* Debug.xcconfig */,
				C2J3LRS5T8B651VI463RHNXF /* Release.xcconfig */,
				R9ZYEXR7DD6KODY3MXQNTS3Q /* Generated.xcconfig */,
			);
			name = Flutter;
			sourceTree = "<group>";
		};
		ULBUL774N9JE8EZ73WR1CI9I /* Runner */ = {
			isa = PBXGroup;
			children = (
				E5Q13MFRU6YZBNZ4O1NA1JFF /* LaunchScreen.storyboard */,
				RRXOHH7XBEK27WEVKFWTLJLY /* Runner-Bridging-Header.h */,
				6AD3AR2DDNLN98GKV05W78Z5 /* Assets.xcassets */,
				UNVDFO9H0TRBW13DS86XQYD6 /* Info.plist */,
				46IN2ILZS7MS72GIR1K85ON2 /* Main.storyboard */,
				FA1HHSQ81NV5Y062CWR0G0PE /* GeneratedPluginRegistrant.h */,
				2RZUBIA0F1IKZZBR0EYEJKHI /* AppDelegate.swift */,
				6T1QX582C78G0ACRLFU1ICUC /* GeneratedPluginRegistrant.m */,
			);
			path = Runner;
			sourceTree = "<group>";
		};
/* End PBXGroup section */

/* Begin PBXNativeTarget section */
		5P6ZLT8BSPKK9Z4BXPF2WH2B /* RunnerTests */ = {
			isa = PBXNativeTarget;
			buildConfigurationList = 8GM46DE60QD97F6FNWXS1XH2 /* Build configuration list for PBXNativeTarget "RunnerTests" */;
			buildPhases = (
				Z1BW0S8H0RX0WRIOD7QDA23K /* [CP] Check Pods Manifest.lock */,
				J84KFR4ZUS7A4HAF9H03LYSY /* Sources */,
				8C0KRCKLS4GD53NF47SNK4QN /* Resources */,
				R6GM0L1B67SPY8FDS6V6J3U1 /* Frameworks */,
			);
			buildRules = (
			);
			dependencies = (
				TTQ74QL5ZU7NLRZ6Q8ELEOUX /* PBXTargetDependency */,
			);
			name = RunnerTests;
			productName = RunnerTests;
			productReference = VTDNCULN8PX8RUQN85INPGWC /* RunnerTests.xctest */;
			productType = "com.apple.product-type.bundle.unit-test";
		};
		YQC1W2GQWM1HWWE132WRUKKC /* Runner */ = {
			isa = PBXNativeTarget;
			buildConfigurationList = MC5FNVFV6LL8O130C155FAAW /* Build configuration list for PBXNativeTarget "Runner" */;
			buildPhases = (
				34TULJ79KTISDF1DPGYSOT6O /* [CP] Check Pods Manifest.lock */,
				TBADRD9GSG7KQ8XHVTKIUMRS /* Run Script */,
				BT0T9L18SL8G3YKCQ5EB7M6K /* Sources */,
				DLPRFRYWADQIBM0A5UTEY47G /* Frameworks */,
				CV36H02WTAUQO6K920BU0S8T /* Resources */,
				HNXK0FEFTMNYWVUSEWN6PWFJ /* Embed Frameworks */,
				0LTBYM0FURYLAYRW64MVLUVC /* Thin Binary */,
				3MF7MBF07UX5IGFHHK6VF58A /* [CP] Embed Pods Frameworks */,
			);
			buildRules = (
			);
			dependencies = (
			);
			name = Runner;
			productName = Runner;
			productReference = 2EHR1RK9MS7V1SNYH3W3P9O9 /* Runner.app */;
			productType = "com.apple.product-type.application";
		};
/* End PBXNativeTarget section */

/* Begin PBXProject section */
		CN85QRYVPGNLTIVFTBOFJVB5 /* Project object */ = {
			isa = PBXProject;
			attributes = {
				BuildIndependentTargetsInParallel = YES;
				LastUpgradeCheck = 1510;
				ORGANIZATIONNAME = "";
				TargetAttributes = {
					5P6ZLT8BSPKK9Z4BXPF2WH2B = {
						CreatedOnToolsVersion = 14.0;
						TestTargetID = YQC1W2GQWM1HWWE132WRUKKC;
					};
					YQC1W2GQWM1HWWE132WRUKKC = {
						CreatedOnToolsVersion = 7.3.1;
						LastSwiftMigration = 1100;
					};
				};
			};
			buildConfigurationList = WXYRG2E74A2SEY1V33G9P9X0 /* Build configuration list for PBXProject "Runner" */;
			compatibilityVersion = "Xcode 9.3";
			developmentRegion = en;
			hasScannedForEncodings = 0;
			knownRegions = (
				en,
				Base,
			);
			mainGroup = 69ATU1GYLXQNH03XZLMN61R1;
			productRefGroup = 8IX8FPPFBSXWEEXODWXRJVT1 /* Products */;
			projectDirPath = "";
			projectRoot = "";
			targets = (
				YQC1W2GQWM1HWWE132WRUKKC /* Runner */,
				5P6ZLT8BSPKK9Z4BXPF2WH2B /* RunnerTests */,
			);
		};
/* End PBXProject section */

/* Begin PBXResourcesBuildPhase section */
		8C0KRCKLS4GD53NF47SNK4QN /* Resources */ = {
			isa = PBXResourcesBuildPhase;
			buildActionMask = 2147483647;
			files = (
			);
			runOnlyForDeploymentPostprocessing = 0;
		};
		CV36H02WTAUQO6K920BU0S8T /* Resources */ = {
			isa = PBXResourcesBuildPhase;
			buildActionMask = 2147483647;
			files = (
				9KECCYDQTN1G20TXAJCNU3WN /* LaunchScreen.storyboard in Resources */,
				WB5XS9NS4PEV5Y59RVOTLH59 /* AppFrameworkInfo.plist in Resources */,
				B59XMQST0I6B7MF8G7NXUX56 /* Assets.xcassets in Resources */,
				X5BMUI49Y5HSE415KTZS2PTC /* Main.storyboard in Resources */,
			);
			runOnlyForDeploymentPostprocessing = 0;
		};
/* End PBXResourcesBuildPhase section */

/* Begin PBXShellScriptBuildPhase section */
		0LTBYM0FURYLAYRW64MVLUVC /* Thin Binary */ = {
			isa = PBXShellScriptBuildPhase;
			alwaysOutOfDate = 1;
			buildActionMask = 2147483647;
			files = (
			);
			inputPaths = (
				"${TARGET_BUILD_DIR}/${INFOPLIST_PATH}",
			);
			name = "Thin Binary";
			outputPaths = (
			);
			runOnlyForDeploymentPostprocessing = 0;
			shellPath = /bin/sh;
			shellScript = "/bin/sh \"$FLUTTER_ROOT/packages/flutter_tools/bin/xcode_backend.sh\" embed_and_thin";
		};
		34TULJ79KTISDF1DPGYSOT6O /* [CP] Check Pods Manifest.lock */ = {
			isa = PBXShellScriptBuildPhase;
			buildActionMask = 2147483647;
			files = (
			);
			inputFileListPaths = (
			);
			inputPaths = (
				"${PODS_PODFILE_DIR_PATH}/Podfile.lock",
				"${PODS_ROOT}/Manifest.lock",
			);
			name = "[CP] Check Pods Manifest.lock";
			outputFileListPaths = (
			);
			outputPaths = (
				"$(DERIVED_FILE_DIR)/Pods-Runner-checkManifestLockResult.txt",
			);
			runOnlyForDeploymentPostprocessing = 0;
			shellPath = /bin/sh;
			shellScript = "diff \"${PODS_PODFILE_DIR_PATH}/Podfile.lock\" \"${PODS_ROOT}/Manifest.lock\" > /dev/null\nif [ $? != 0 ] ; then\n    # print error to STDERR\n    echo \"error: The sandbox is not in sync with the Podfile.lock. Run 'pod install' or update your CocoaPods installation.\" >&2\n    exit 1\nfi\n# This output is used by Xcode 'outputs' to avoid re-running this script phase.\necho \"SUCCESS\" > \"${SCRIPT_OUTPUT_FILE_0}\"\n";
			showEnvVarsInLog = 0;
		};
		3MF7MBF07UX5IGFHHK6VF58A /* [CP] Embed Pods Frameworks */ = {
			isa = PBXShellScriptBuildPhase;
			buildActionMask = 2147483647;
			files = (
			);
			inputFileListPaths = (
				"${PODS_ROOT}/Target Support Files/Pods-Runner/Pods-Runner-frameworks-${CONFIGURATION}-input-files.xcfilelist",
			);
			name = "[CP] Embed Pods Frameworks";
			outputFileListPaths = (
				"${PODS_ROOT}/Target Support Files/Pods-Runner/Pods-Runner-frameworks-${CONFIGURATION}-output-files.xcfilelist",
			);
			runOnlyForDeploymentPostprocessing = 0;
			shellPath = /bin/sh;
			shellScript = "\"${PODS_ROOT}/Target Support Files/Pods-Runner/Pods-Runner-frameworks.sh\"\n";
			showEnvVarsInLog = 0;
		};
		TBADRD9GSG7KQ8XHVTKIUMRS /* Run Script */ = {
			isa = PBXShellScriptBuildPhase;
			alwaysOutOfDate = 1;
			buildActionMask = 2147483647;
			files = (
			);
			inputPaths = (
			);
			name = "Run Script";
			outputPaths = (
			);
			runOnlyForDeploymentPostprocessing = 0;
			shellPath = /bin/sh;
			shellScript = "/bin/sh \"$FLUTTER_ROOT/packages/flutter_tools/bin/xcode_backend.sh\" build";
		};
		Z1BW0S8H0RX0WRIOD7QDA23K /* [CP] Check Pods Manifest.lock */ = {
			isa = PBXShellScriptBuildPhase;
			buildActionMask = 2147483647;
			files = (
			);
			inputFileListPaths = (
			);
			inputPaths = (
				"${PODS_PODFILE_DIR_PATH}/Podfile.lock",
				"${PODS_ROOT}/Manifest.lock",
			);
			name = "[CP] Check Pods Manifest.lock";
			outputFileListPaths = (
			);
			outputPaths = (
				"$(DERIVED_FILE_DIR)/Pods-RunnerTests-checkManifestLockResult.txt",
			);
			runOnlyForDeploymentPostprocessing = 0;
			shellPath = /bin/sh;
			shellScript = "diff \"${PODS_PODFILE_DIR_PATH}/Podfile.lock\" \"${PODS_ROOT}/Manifest.lock\" > /dev/null\nif [ $? != 0 ] ; then\n    # print error to STDERR\n    echo \"error: The sandbox is not in sync with the Podfile.lock. Run 'pod install' or update your CocoaPods installation.\" >&2\n    exit 1\nfi\n# This output is used by Xcode 'outputs' to avoid re-running this script phase.\necho \"SUCCESS\" > \"${SCRIPT_OUTPUT_FILE_0}\"\n";
			showEnvVarsInLog = 0;
		};
/* End PBXShellScriptBuildPhase section */

/* Begin PBXSourcesBuildPhase section */
		BT0T9L18SL8G3YKCQ5EB7M6K /* Sources */ = {
			isa = PBXSourcesBuildPhase;
			buildActionMask = 2147483647;
			files = (
				XYDJQO9RGGHJY5GX9R1H3TMB /* AppDelegate.swift in Sources */,
				SOQXW2PJOXG3AXCPKJTM9WYP /* GeneratedPluginRegistrant.m in Sources */,
			);
			runOnlyForDeploymentPostprocessing = 0;
		};
		J84KFR4ZUS7A4HAF9H03LYSY /* Sources */ = {
			isa = PBXSourcesBuildPhase;
			buildActionMask = 2147483647;
			files = (
				5I6QTZL7LWTWE0O05X4FMWZZ /* RunnerTests.swift in Sources */,
			);
			runOnlyForDeploymentPostprocessing = 0;
		};
/* End PBXSourcesBuildPhase section */

/* Begin PBXTargetDependency section */
		TTQ74QL5ZU7NLRZ6Q8ELEOUX /* PBXTargetDependency */ = {
			isa = PBXTargetDependency;
			target = YQC1W2GQWM1HWWE132WRUKKC /* Runner */;
			targetProxy = CQYKGD87VDQBF6O5UCR3AW2W /* PBXContainerItemProxy */;
		};
/* End PBXTargetDependency section */

/* Begin PBXVariantGroup section */
		46IN2ILZS7MS72GIR1K85ON2 /* Main.storyboard */ = {
			isa = PBXVariantGroup;
			children = (
				R3Y58J01LTD3VREIQ4AECN79 /* Base */,
			);
			name = Main.storyboard;
			sourceTree = "<group>";
		};
		E5Q13MFRU6YZBNZ4O1NA1JFF /* LaunchScreen.storyboard */ = {
			isa = PBXVariantGroup;
			children = (
				9ER3ROI4MCCYCK2JB59LGRLO /* Base */,
			);
			name = LaunchScreen.storyboard;
			sourceTree = "<group>";
		};
/* End PBXVariantGroup section */

/* Begin XCBuildConfiguration section */
		3Z6JZQENOCGZGWARNQAAS4WT /* Profile */ = {
			isa = XCBuildConfiguration;
			baseConfigurationReference = CLGFJ6VPQA0QKWQIBJ77PW3M /* Pods-RunnerTests.profile.xcconfig */;
			buildSettings = {
				BUNDLE_LOADER = "$(TEST_HOST)";
				CODE_SIGN_STYLE = Automatic;
				CURRENT_PROJECT_VERSION = 1;
				GENERATE_INFOPLIST_FILE = YES;
				MARKETING_VERSION = 1.0;
				PRODUCT_BUNDLE_IDENTIFIER = com.example.azenquoria.RunnerTests;
				PRODUCT_NAME = "$(TARGET_NAME)";
				SWIFT_VERSION = 5.0;
				TEST_HOST = "$(BUILT_PRODUCTS_DIR)/Runner.app/$(BUNDLE_EXECUTABLE_FOLDER_PATH)/Runner";
			};
			name = Profile;
		};
		8D8UKNNEFL1TGSI2NKDFUMYR /* Release */ = {
			isa = XCBuildConfiguration;
			buildSettings = {
				ALWAYS_SEARCH_USER_PATHS = NO;
				ASSETCATALOG_COMPILER_GENERATE_SWIFT_ASSET_SYMBOL_EXTENSIONS = YES;
				CLANG_ANALYZER_NONNULL = YES;
				CLANG_CXX_LANGUAGE_STANDARD = "gnu++0x";
				CLANG_CXX_LIBRARY = "libc++";
				CLANG_ENABLE_MODULES = YES;
				CLANG_ENABLE_OBJC_ARC = YES;
				CLANG_WARN_BLOCK_CAPTURE_AUTORELEASING = YES;
				CLANG_WARN_BOOL_CONVERSION = YES;
				CLANG_WARN_COMMA = YES;
				CLANG_WARN_CONSTANT_CONVERSION = YES;
				CLANG_WARN_DEPRECATED_OBJC_IMPLEMENTATIONS = YES;
				CLANG_WARN_DIRECT_OBJC_ISA_USAGE = YES_ERROR;
				CLANG_WARN_EMPTY_BODY = YES;
				CLANG_WARN_ENUM_CONVERSION = YES;
				CLANG_WARN_INFINITE_RECURSION = YES;
				CLANG_WARN_INT_CONVERSION = YES;
				CLANG_WARN_NON_LITERAL_NULL_CONVERSION = YES;
				CLANG_WARN_OBJC_IMPLICIT_RETAIN_SELF = YES;
				CLANG_WARN_OBJC_LITERAL_CONVERSION = YES;
				CLANG_WARN_OBJC_ROOT_CLASS = YES_ERROR;
				CLANG_WARN_RANGE_LOOP_ANALYSIS = YES;
				CLANG_WARN_STRICT_PROTOTYPES = YES;
				CLANG_WARN_SUSPICIOUS_MOVE = YES;
				CLANG_WARN_UNREACHABLE_CODE = YES;
				CLANG_WARN__DUPLICATE_METHOD_MATCH = YES;
				"CODE_SIGN_IDENTITY[sdk=iphoneos*]" = "iPhone Developer";
				COPY_PHASE_STRIP = NO;
				DEBUG_INFORMATION_FORMAT = "dwarf-with-dsym";
				ENABLE_NS_ASSERTIONS = NO;
				ENABLE_STRICT_OBJC_MSGSEND = YES;
				ENABLE_USER_SCRIPT_SANDBOXING = NO;
				GCC_C_LANGUAGE_STANDARD = gnu99;
				GCC_NO_COMMON_BLOCKS = YES;
				GCC_WARN_64_TO_32_BIT_CONVERSION = YES;
				GCC_WARN_ABOUT_RETURN_TYPE = YES_ERROR;
				GCC_WARN_UNDECLARED_SELECTOR = YES;
				GCC_WARN_UNINITIALIZED_AUTOS = YES_AGGRESSIVE;
				GCC_WARN_UNUSED_FUNCTION = YES;
				GCC_WARN_UNUSED_VARIABLE = YES;
				IPHONEOS_DEPLOYMENT_TARGET = 12.0;
				MTL_ENABLE_DEBUG_INFO = NO;
				SDKROOT = iphoneos;
				SUPPORTED_PLATFORMS = iphoneos;
				SWIFT_COMPILATION_MODE = wholemodule;
				SWIFT_OPTIMIZATION_LEVEL = "-O";
				TARGETED_DEVICE_FAMILY = "1,2";
				VALIDATE_PRODUCT = YES;
			};
			name = Release;
		};
		E07JPH3MNT2RBNQVT195TEBW /* Release */ = {
			isa = XCBuildConfiguration;
			baseConfigurationReference = 1OJBTS7U68QZ47Y42CQTQCTD /* Pods-RunnerTests.release.xcconfig */;
			buildSettings = {
				BUNDLE_LOADER = "$(TEST_HOST)";
				CODE_SIGN_STYLE = Automatic;
				CURRENT_PROJECT_VERSION = 1;
				GENERATE_INFOPLIST_FILE = YES;
				MARKETING_VERSION = 1.0;
				PRODUCT_BUNDLE_IDENTIFIER = com.example.azenquoria.RunnerTests;
				PRODUCT_NAME = "$(TARGET_NAME)";
				SWIFT_VERSION = 5.0;
				TEST_HOST = "$(BUILT_PRODUCTS_DIR)/Runner.app/$(BUNDLE_EXECUTABLE_FOLDER_PATH)/Runner";
			};
			name = Release;
		};
		FYQ3EIZML9Z2DG5N2XHFYLVD /* Debug */ = {
			isa = XCBuildConfiguration;
			baseConfigurationReference = QDN46E1BN0ZRCWQROTPZ92LS /* Debug.xcconfig */;
			buildSettings = {
				ASSETCATALOG_COMPILER_APPICON_NAME = AppIcon;
				CLANG_ENABLE_MODULES = YES;
				"CODE_SIGN_IDENTITY[sdk=iphoneos*]" = "iPhone Distribution";
				CODE_SIGN_STYLE = Manual;
				CURRENT_PROJECT_VERSION = "$(FLUTTER_BUILD_NUMBER)";
				DEVELOPMENT_TEAM = "";
				"DEVELOPMENT_TEAM[sdk=iphoneos*]" = JD44L6UQ3W;
				ENABLE_BITCODE = NO;
				INFOPLIST_FILE = Runner/Info.plist;
				LD_RUNPATH_SEARCH_PATHS = (
					"$(inherited)",
					"@executable_path/Frameworks",
				);
				PRODUCT_BUNDLE_IDENTIFIER = com.azenquoria;
				PRODUCT_NAME = "$(TARGET_NAME)";
				PROVISIONING_PROFILE_SPECIFIER = "";
				"PROVISIONING_PROFILE_SPECIFIER[sdk=iphoneos*]" = JD44L6UQ3W.com.azenquoria;
				SUPPORTED_PLATFORMS = "iphoneos iphonesimulator";
				SUPPORTS_MACCATALYST = NO;
				SUPPORTS_MAC_DESIGNED_FOR_IPHONE_IPAD = NO;
				SUPPORTS_XR_DESIGNED_FOR_IPHONE_IPAD = NO;
				SWIFT_OBJC_BRIDGING_HEADER = "Runner/Runner-Bridging-Header.h";
				SWIFT_OPTIMIZATION_LEVEL = "-Onone";
				SWIFT_VERSION = 5.0;
				TARGETED_DEVICE_FAMILY = "1,2";
				VERSIONING_SYSTEM = "apple-generic";
			};
			name = Debug;
		};
		KHN382IFC9JSQEB34137FD9O /* Release */ = {
			isa = XCBuildConfiguration;
			baseConfigurationReference = C2J3LRS5T8B651VI463RHNXF /* Release.xcconfig */;
			buildSettings = {
				ASSETCATALOG_COMPILER_APPICON_NAME = AppIcon;
				CLANG_ENABLE_MODULES = YES;
				"CODE_SIGN_IDENTITY[sdk=iphoneos*]" = "iPhone Distribution";
				CODE_SIGN_STYLE = Manual;
				CURRENT_PROJECT_VERSION = "$(FLUTTER_BUILD_NUMBER)";
				DEVELOPMENT_TEAM = "";
				"DEVELOPMENT_TEAM[sdk=iphoneos*]" = JD44L6UQ3W;
				ENABLE_BITCODE = NO;
				INFOPLIST_FILE = Runner/Info.plist;
				LD_RUNPATH_SEARCH_PATHS = (
					"$(inherited)",
					"@executable_path/Frameworks",
				);
				PRODUCT_BUNDLE_IDENTIFIER = com.azenquoria;
				PRODUCT_NAME = "$(TARGET_NAME)";
				PROVISIONING_PROFILE_SPECIFIER = "";
				"PROVISIONING_PROFILE_SPECIFIER[sdk=iphoneos*]" = JD44L6UQ3W.com.azenquoria;
				SUPPORTED_PLATFORMS = "iphoneos iphonesimulator";
				SUPPORTS_MACCATALYST = NO;
				SUPPORTS_MAC_DESIGNED_FOR_IPHONE_IPAD = NO;
				SUPPORTS_XR_DESIGNED_FOR_IPHONE_IPAD = NO;
				SWIFT_OBJC_BRIDGING_HEADER = "Runner/Runner-Bridging-Header.h";
				SWIFT_VERSION = 5.0;
				TARGETED_DEVICE_FAMILY = "1,2";
				VERSIONING_SYSTEM = "apple-generic";
			};
			name = Release;
		};
		OG8KVMASDL4DRIPVWSQYI7P5 /* Debug */ = {
			isa = XCBuildConfiguration;
			baseConfigurationReference = 6KLMTQY76B9CUDYNSNCFCP85 /* Pods-RunnerTests.debug.xcconfig */;
			buildSettings = {
				BUNDLE_LOADER = "$(TEST_HOST)";
				CODE_SIGN_STYLE = Automatic;
				CURRENT_PROJECT_VERSION = 1;
				GENERATE_INFOPLIST_FILE = YES;
				MARKETING_VERSION = 1.0;
				PRODUCT_BUNDLE_IDENTIFIER = com.example.azenquoria.RunnerTests;
				PRODUCT_NAME = "$(TARGET_NAME)";
				SWIFT_ACTIVE_COMPILATION_CONDITIONS = DEBUG;
				SWIFT_OPTIMIZATION_LEVEL = "-Onone";
				SWIFT_VERSION = 5.0;
				TEST_HOST = "$(BUILT_PRODUCTS_DIR)/Runner.app/$(BUNDLE_EXECUTABLE_FOLDER_PATH)/Runner";
			};
			name = Debug;
		};
		S8NIZ1MFXFGO7NMTWLI342XE /* Profile */ = {
			isa = XCBuildConfiguration;
			buildSettings = {
				ALWAYS_SEARCH_USER_PATHS = NO;
				ASSETCATALOG_COMPILER_GENERATE_SWIFT_ASSET_SYMBOL_EXTENSIONS = YES;
				CLANG_ANALYZER_NONNULL = YES;
				CLANG_CXX_LANGUAGE_STANDARD = "gnu++0x";
				CLANG_CXX_LIBRARY = "libc++";
				CLANG_ENABLE_MODULES = YES;
				CLANG_ENABLE_OBJC_ARC = YES;
				CLANG_WARN_BLOCK_CAPTURE_AUTORELEASING = YES;
				CLANG_WARN_BOOL_CONVERSION = YES;
				CLANG_WARN_COMMA = YES;
				CLANG_WARN_CONSTANT_CONVERSION = YES;
				CLANG_WARN_DEPRECATED_OBJC_IMPLEMENTATIONS = YES;
				CLANG_WARN_DIRECT_OBJC_ISA_USAGE = YES_ERROR;
				CLANG_WARN_EMPTY_BODY = YES;
				CLANG_WARN_ENUM_CONVERSION = YES;
				CLANG_WARN_INFINITE_RECURSION = YES;
				CLANG_WARN_INT_CONVERSION = YES;
				CLANG_WARN_NON_LITERAL_NULL_CONVERSION = YES;
				CLANG_WARN_OBJC_IMPLICIT_RETAIN_SELF = YES;
				CLANG_WARN_OBJC_LITERAL_CONVERSION = YES;
				CLANG_WARN_OBJC_ROOT_CLASS = YES_ERROR;
				CLANG_WARN_RANGE_LOOP_ANALYSIS = YES;
				CLANG_WARN_STRICT_PROTOTYPES = YES;
				CLANG_WARN_SUSPICIOUS_MOVE = YES;
				CLANG_WARN_UNREACHABLE_CODE = YES;
				CLANG_WARN__DUPLICATE_METHOD_MATCH = YES;
				"CODE_SIGN_IDENTITY[sdk=iphoneos*]" = "iPhone Developer";
				COPY_PHASE_STRIP = NO;
				DEBUG_INFORMATION_FORMAT = "dwarf-with-dsym";
				ENABLE_NS_ASSERTIONS = NO;
				ENABLE_STRICT_OBJC_MSGSEND = YES;
				ENABLE_USER_SCRIPT_SANDBOXING = NO;
				GCC_C_LANGUAGE_STANDARD = gnu99;
				GCC_NO_COMMON_BLOCKS = YES;
				GCC_WARN_64_TO_32_BIT_CONVERSION = YES;
				GCC_WARN_ABOUT_RETURN_TYPE = YES_ERROR;
				GCC_WARN_UNDECLARED_SELECTOR = YES;
				GCC_WARN_UNINITIALIZED_AUTOS = YES_AGGRESSIVE;
				GCC_WARN_UNUSED_FUNCTION = YES;
				GCC_WARN_UNUSED_VARIABLE = YES;
				IPHONEOS_DEPLOYMENT_TARGET = 12.0;
				MTL_ENABLE_DEBUG_INFO = NO;
				SDKROOT = iphoneos;
				SUPPORTED_PLATFORMS = iphoneos;
				TARGETED_DEVICE_FAMILY = "1,2";
				VALIDATE_PRODUCT = YES;
			};
			name = Profile;
		};
		USXKN8HOKQYDM8INA6FCAY5Y /* Debug */ = {
			isa = XCBuildConfiguration;
			buildSettings = {
				ALWAYS_SEARCH_USER_PATHS = NO;
				ASSETCATALOG_COMPILER_GENERATE_SWIFT_ASSET_SYMBOL_EXTENSIONS = YES;
				CLANG_ANALYZER_NONNULL = YES;
				CLANG_CXX_LANGUAGE_STANDARD = "gnu++0x";
				CLANG_CXX_LIBRARY = "libc++";
				CLANG_ENABLE_MODULES = YES;
				CLANG_ENABLE_OBJC_ARC = YES;
				CLANG_WARN_BLOCK_CAPTURE_AUTORELEASING = YES;
				CLANG_WARN_BOOL_CONVERSION = YES;
				CLANG_WARN_COMMA = YES;
				CLANG_WARN_CONSTANT_CONVERSION = YES;
				CLANG_WARN_DEPRECATED_OBJC_IMPLEMENTATIONS = YES;
				CLANG_WARN_DIRECT_OBJC_ISA_USAGE = YES_ERROR;
				CLANG_WARN_EMPTY_BODY = YES;
				CLANG_WARN_ENUM_CONVERSION = YES;
				CLANG_WARN_INFINITE_RECURSION = YES;
				CLANG_WARN_INT_CONVERSION = YES;
				CLANG_WARN_NON_LITERAL_NULL_CONVERSION = YES;
				CLANG_WARN_OBJC_IMPLICIT_RETAIN_SELF = YES;
				CLANG_WARN_OBJC_LITERAL_CONVERSION = YES;
				CLANG_WARN_OBJC_ROOT_CLASS = YES_ERROR;
				CLANG_WARN_RANGE_LOOP_ANALYSIS = YES;
				CLANG_WARN_STRICT_PROTOTYPES = YES;
				CLANG_WARN_SUSPICIOUS_MOVE = YES;
				CLANG_WARN_UNREACHABLE_CODE = YES;
				CLANG_WARN__DUPLICATE_METHOD_MATCH = YES;
				"CODE_SIGN_IDENTITY[sdk=iphoneos*]" = "iPhone Developer";
				COPY_PHASE_STRIP = NO;
				DEBUG_INFORMATION_FORMAT = dwarf;
				ENABLE_STRICT_OBJC_MSGSEND = YES;
				ENABLE_TESTABILITY = YES;
				ENABLE_USER_SCRIPT_SANDBOXING = NO;
				GCC_C_LANGUAGE_STANDARD = gnu99;
				GCC_DYNAMIC_NO_PIC = NO;
				GCC_NO_COMMON_BLOCKS = YES;
				GCC_OPTIMIZATION_LEVEL = 0;
				GCC_PREPROCESSOR_DEFINITIONS = (
					"DEBUG=1",
					"$(inherited)",
				);
				GCC_WARN_64_TO_32_BIT_CONVERSION = YES;
				GCC_WARN_ABOUT_RETURN_TYPE = YES_ERROR;
				GCC_WARN_UNDECLARED_SELECTOR = YES;
				GCC_WARN_UNINITIALIZED_AUTOS = YES_AGGRESSIVE;
				GCC_WARN_UNUSED_FUNCTION = YES;
				GCC_WARN_UNUSED_VARIABLE = YES;
				IPHONEOS_DEPLOYMENT_TARGET = 12.0;
				MTL_ENABLE_DEBUG_INFO = YES;
				ONLY_ACTIVE_ARCH = YES;
				SDKROOT = iphoneos;
				TARGETED_DEVICE_FAMILY = "1,2";
			};
			name = Debug;
		};
		WA520DBCYM3QELUNNI4GJPN1 /* Profile */ = {
			isa = XCBuildConfiguration;
			baseConfigurationReference = C2J3LRS5T8B651VI463RHNXF /* Release.xcconfig */;
			buildSettings = {
				ASSETCATALOG_COMPILER_APPICON_NAME = AppIcon;
				CLANG_ENABLE_MODULES = YES;
				"CODE_SIGN_IDENTITY[sdk=iphoneos*]" = "iPhone Distribution";
				CODE_SIGN_STYLE = Manual;
				CURRENT_PROJECT_VERSION = "$(FLUTTER_BUILD_NUMBER)";
				DEVELOPMENT_TEAM = "";
				"DEVELOPMENT_TEAM[sdk=iphoneos*]" = JD44L6UQ3W;
				ENABLE_BITCODE = NO;
				INFOPLIST_FILE = Runner/Info.plist;
				LD_RUNPATH_SEARCH_PATHS = (
					"$(inherited)",
					"@executable_path/Frameworks",
				);
				PRODUCT_BUNDLE_IDENTIFIER = com.azenquoria;
				PRODUCT_NAME = "$(TARGET_NAME)";
				PROVISIONING_PROFILE_SPECIFIER = "";
				"PROVISIONING_PROFILE_SPECIFIER[sdk=iphoneos*]" = JD44L6UQ3W.com.azenquoria;
				SUPPORTED_PLATFORMS = "iphoneos iphonesimulator";
				SUPPORTS_MACCATALYST = NO;
				SUPPORTS_MAC_DESIGNED_FOR_IPHONE_IPAD = NO;
				SUPPORTS_XR_DESIGNED_FOR_IPHONE_IPAD = NO;
				SWIFT_OBJC_BRIDGING_HEADER = "Runner/Runner-Bridging-Header.h";
				SWIFT_VERSION = 5.0;
				TARGETED_DEVICE_FAMILY = "1,2";
				VERSIONING_SYSTEM = "apple-generic";
			};
			name = Profile;
		};
/* End XCBuildConfiguration section */

/* Begin XCConfigurationList section */
		8GM46DE60QD97F6FNWXS1XH2 /* Build configuration list for PBXNativeTarget "RunnerTests" */ = {
			isa = XCConfigurationList;
			buildConfigurations = (
				OG8KVMASDL4DRIPVWSQYI7P5 /* Debug */,
				E07JPH3MNT2RBNQVT195TEBW /* Release */,
				3Z6JZQENOCGZGWARNQAAS4WT /* Profile */,
			);
			defaultConfigurationIsVisible = 0;
			defaultConfigurationName = Release;
		};
		MC5FNVFV6LL8O130C155FAAW /* Build configuration list for PBXNativeTarget "Runner" */ = {
			isa = XCConfigurationList;
			buildConfigurations = (
				FYQ3EIZML9Z2DG5N2XHFYLVD /* Debug */,
				KHN382IFC9JSQEB34137FD9O /* Release */,
				WA520DBCYM3QELUNNI4GJPN1 /* Profile */,
			);
			defaultConfigurationIsVisible = 0;
			defaultConfigurationName = Release;
		};
		WXYRG2E74A2SEY1V33G9P9X0 /* Build configuration list for PBXProject "Runner" */ = {
			isa = XCConfigurationList;
			buildConfigurations = (
				USXKN8HOKQYDM8INA6FCAY5Y /* Debug */,
				8D8UKNNEFL1TGSI2NKDFUMYR /* Release */,
				S8NIZ1MFXFGO7NMTWLI342XE /* Profile */,
			);
			defaultConfigurationIsVisible = 0;
			defaultConfigurationName = Release;
		};
/* End XCConfigurationList section */
	};
	rootObject = CN85QRYVPGNLTIVFTBOFJVB5 /* Project object */;
}
