// !$*UTF8*$!
{
	archiveVersion = 1;
	classes = {
	};
	objectVersion = 54;
	objects = {

/* Begin PBXBuildFile section */
		5H8YL2CEWRN63XCWTEXMS71H /* AppDelegate.swift in Sources */ = {isa = PBXBuildFile; fileRef = YJOUCERMBK9W6CZ9MH952Q50 /* AppDelegate.swift */; };
		C8RD3Z05DVJLW3KMUT2EDVYX /* Main.storyboard in Resources */ = {isa = PBXBuildFile; fileRef = RL7GVCCPGNLPP363NRXRP95N /* Main.storyboard */; };
		FM6D0PZH3AL73JZ6JR3J21MR /* RunnerTests.swift in Sources */ = {isa = PBXBuildFile; fileRef = QUTK5W3HI599EVX0DRSSVOVC /* RunnerTests.swift */; };
		H10E5Z7MI32X6M3RM75FZBRY /* Assets.xcassets in Resources */ = {isa = PBXBuildFile; fileRef = TJU25SD402GC230SKUG3Y59T /* Assets.xcassets */; };
		JIVAYDV5JAOE0D2U81JXE1TP /* LaunchScreen.storyboard in Resources */ = {isa = PBXBuildFile; fileRef = 2VW50PF16ZXUOQN5G8CWBHTF /* LaunchScreen.storyboard */; };
		MA4V3FXXQQ51HJF2F1U9TQZU /* AppFrameworkInfo.plist in Resources */ = {isa = PBXBuildFile; fileRef = 22SACN1OK4XF67AOIEVFSQOF /* AppFrameworkInfo.plist */; };
		TMC2HNPXOSA071ADBQKH3X3W /* Pods_Runner.framework in Frameworks */ = {isa = PBXBuildFile; fileRef = U05HTF4EAXFZP0ZF25548RJI /* Pods_Runner.framework */; };
		V2OV0KLFS8HQUORKG1H845T4 /* Pods_RunnerTests.framework in Frameworks */ = {isa = PBXBuildFile; fileRef = TTX6RUHNDNTH2SNOUPRNVXLB /* Pods_RunnerTests.framework */; };
		VEE0I1D1Y6NKLZ7CQINK8NT9 /* GeneratedPluginRegistrant.m in Sources */ = {isa = PBXBuildFile; fileRef = NCAZKN3Z8HHB8MGO8ZDHEBX5 /* GeneratedPluginRegistrant.m */; };
/* End PBXBuildFile section */

/* Begin PBXContainerItemProxy section */
		ALSTT7D8EQDCNP50FI8EUIGN /* PBXContainerItemProxy */ = {
			isa = PBXContainerItemProxy;
			containerPortal = SU7NQH1KOKN74NSTA5IEOHW2 /* Project object */;
			proxyType = 1;
			remoteGlobalIDString = 9N7VX51ZSH1SC1YUD8SZZR6W;
			remoteInfo = Runner;
		};
/* End PBXContainerItemProxy section */

/* Begin PBXCopyFilesBuildPhase section */
		0FQT9ZRYWSG5M2VPW870EJUM /* Embed Frameworks */ = {
			isa = PBXCopyFilesBuildPhase;
			buildActionMask = 2147483647;
			dstPath = "";
			dstSubfolderSpec = 10;
			files = (
			);
			name = "Embed Frameworks";
			runOnlyForDeploymentPostprocessing = 0;
		};
/* End PBXCopyFilesBuildPhase section */

/* Begin PBXFileReference section */
		0H9M36R5YF0SQ5SIRPZSC6RQ /* Pods-Runner.profile.xcconfig */ = {isa = PBXFileReference; includeInIndex = 1; lastKnownFileType = text.xcconfig; name = "Pods-Runner.profile.xcconfig"; path = "Target Support Files/Pods-Runner/Pods-Runner.profile.xcconfig"; sourceTree = "<group>"; };
		1MR3PT685ZQO7CENPWA74DUJ /* Pods-RunnerTests.release.xcconfig */ = {isa = PBXFileReference; includeInIndex = 1; lastKnownFileType = text.xcconfig; name = "Pods-RunnerTests.release.xcconfig"; path = "Target Support Files/Pods-RunnerTests/Pods-RunnerTests.release.xcconfig"; sourceTree = "<group>"; };
		22SACN1OK4XF67AOIEVFSQOF /* AppFrameworkInfo.plist */ = {isa = PBXFileReference; fileEncoding = 4; lastKnownFileType = text.plist.xml; name = AppFrameworkInfo.plist; path = Flutter/AppFrameworkInfo.plist; sourceTree = "<group>"; };
		3XMG7VN3WX2GK40L7R2D1NQ6 /* Pods-RunnerTests.debug.xcconfig */ = {isa = PBXFileReference; includeInIndex = 1; lastKnownFileType = text.xcconfig; name = "Pods-RunnerTests.debug.xcconfig"; path = "Target Support Files/Pods-RunnerTests/Pods-RunnerTests.debug.xcconfig"; sourceTree = "<group>"; };
		5A1CBED8GY14UZANCJGAMSY8 /* Runner.app */ = {isa = PBXFileReference; explicitFileType = wrapper.application; includeInIndex = 0; path = Runner.app; sourceTree = BUILT_PRODUCTS_DIR; };
		95QV2D36Z4KWIR7280521RMI /* RunnerTests.xctest */ = {isa = PBXFileReference; explicitFileType = wrapper.cfbundle; includeInIndex = 0; path = RunnerTests.xctest; sourceTree = BUILT_PRODUCTS_DIR; };
		BNFL0ZQZX69TTS5EU4C4SDB1 /* Pods-Runner.debug.xcconfig */ = {isa = PBXFileReference; includeInIndex = 1; lastKnownFileType = text.xcconfig; name = "Pods-Runner.debug.xcconfig"; path = "Target Support Files/Pods-Runner/Pods-Runner.debug.xcconfig"; sourceTree = "<group>"; };
		F0PJTLU330LLX5GZ96BLGEXJ /* Release.xcconfig */ = {isa = PBXFileReference; lastKnownFileType = text.xcconfig; name = Release.xcconfig; path = Flutter/Release.xcconfig; sourceTree = "<group>"; };
		IRU5UE7JVACKZEL0I9ZHZE2H /* Generated.xcconfig */ = {isa = PBXFileReference; fileEncoding = 4; lastKnownFileType = text.xcconfig; name = Generated.xcconfig; path = Flutter/Generated.xcconfig; sourceTree = "<group>"; };
		J4TX3AAW37HJV0PJ1TM4B9L1 /* Info.plist */ = {isa = PBXFileReference; lastKnownFileType = text.plist.xml; path = Info.plist; sourceTree = "<group>"; };
		JA4L2UK0FFN9JN2L170SM95J /* Debug.xcconfig */ = {isa = PBXFileReference; fileEncoding = 4; lastKnownFileType = text.xcconfig; name = Debug.xcconfig; path = Flutter/Debug.xcconfig; sourceTree = "<group>"; };
		JCPVLVTKLVTPYYD1J4NCXN75 /* Pods-RunnerTests.profile.xcconfig */ = {isa = PBXFileReference; includeInIndex = 1; lastKnownFileType = text.xcconfig; name = "Pods-RunnerTests.profile.xcconfig"; path = "Target Support Files/Pods-RunnerTests/Pods-RunnerTests.profile.xcconfig"; sourceTree = "<group>"; };
		L9KCJDGQ8TJQLJKNBT9VKEWY /* Pods-Runner.release.xcconfig */ = {isa = PBXFileReference; includeInIndex = 1; lastKnownFileType = text.xcconfig; name = "Pods-Runner.release.xcconfig"; path = "Target Support Files/Pods-Runner/Pods-Runner.release.xcconfig"; sourceTree = "<group>"; };
		NCAZKN3Z8HHB8MGO8ZDHEBX5 /* GeneratedPluginRegistrant.m */ = {isa = PBXFileReference; fileEncoding = 4; lastKnownFileType = sourcecode.c.objc; path = GeneratedPluginRegistrant.m; sourceTree = "<group>"; };
		PYUCKCOULZBZDL7CDZTNTEKA /* Runner-Bridging-Header.h */ = {isa = PBXFileReference; lastKnownFileType = sourcecode.c.h; path = "Runner-Bridging-Header.h"; sourceTree = "<group>"; };
		QUTK5W3HI599EVX0DRSSVOVC /* RunnerTests.swift */ = {isa = PBXFileReference; lastKnownFileType = sourcecode.swift; path = RunnerTests.swift; sourceTree = "<group>"; };
		RRYSW0TUMS1717UNK1BNUTMI /* GeneratedPluginRegistrant.h */ = {isa = PBXFileReference; lastKnownFileType = sourcecode.c.h; path = GeneratedPluginRegistrant.h; sourceTree = "<group>"; };
		TJU25SD402GC230SKUG3Y59T /* Assets.xcassets */ = {isa = PBXFileReference; lastKnownFileType = folder.assetcatalog; path = Assets.xcassets; sourceTree = "<group>"; };
		TTX6RUHNDNTH2SNOUPRNVXLB /* Pods_RunnerTests.framework */ = {isa = PBXFileReference; explicitFileType = wrapper.framework; includeInIndex = 0; path = Pods_RunnerTests.framework; sourceTree = BUILT_PRODUCTS_DIR; };
		U05HTF4EAXFZP0ZF25548RJI /* Pods_Runner.framework */ = {isa = PBXFileReference; explicitFileType = wrapper.framework; includeInIndex = 0; path = Pods_Runner.framework; sourceTree = BUILT_PRODUCTS_DIR; };
		X1EY53WUE3DOGYB56GM1M1C2 /* Base */ = {isa = PBXFileReference; lastKnownFileType = file.storyboard; name = Base; path = Base.lproj/LaunchScreen.storyboard; sourceTree = "<group>"; };
		X39RPKNMLA53C83PDEHJ49F8 /* Base */ = {isa = PBXFileReference; lastKnownFileType = file.storyboard; name = Base; path = Base.lproj/Main.storyboard; sourceTree = "<group>"; };
		YJOUCERMBK9W6CZ9MH952Q50 /* AppDelegate.swift */ = {isa = PBXFileReference; fileEncoding = 4; lastKnownFileType = sourcecode.swift; path = AppDelegate.swift; sourceTree = "<group>"; };
/* End PBXFileReference section */

/* Begin PBXFrameworksBuildPhase section */
		C2XBSJB4QOA6VWES8LA9BAMP /* Frameworks */ = {
			isa = PBXFrameworksBuildPhase;
			buildActionMask = 2147483647;
			files = (
				TMC2HNPXOSA071ADBQKH3X3W /* Pods_Runner.framework in Frameworks */,
			);
			runOnlyForDeploymentPostprocessing = 0;
		};
		UIQZCQQSLRF1X1OYUJ80ZSB8 /* Frameworks */ = {
			isa = PBXFrameworksBuildPhase;
			buildActionMask = 2147483647;
			files = (
				V2OV0KLFS8HQUORKG1H845T4 /* Pods_RunnerTests.framework in Frameworks */,
			);
			runOnlyForDeploymentPostprocessing = 0;
		};
/* End PBXFrameworksBuildPhase section */

/* Begin PBXGroup section */
		0TXZ8B0B1RRSV6UJA1X53ERM /* RunnerTests */ = {
			isa = PBXGroup;
			children = (
				QUTK5W3HI599EVX0DRSSVOVC /* RunnerTests.swift */,
			);
			path = RunnerTests;
			sourceTree = "<group>";
		};
		7IOS7RZXMG69A49XGFAHWSTZ /* Runner */ = {
			isa = PBXGroup;
			children = (
				PYUCKCOULZBZDL7CDZTNTEKA /* Runner-Bridging-Header.h */,
				YJOUCERMBK9W6CZ9MH952Q50 /* AppDelegate.swift */,
				RRYSW0TUMS1717UNK1BNUTMI /* GeneratedPluginRegistrant.h */,
				2VW50PF16ZXUOQN5G8CWBHTF /* LaunchScreen.storyboard */,
				NCAZKN3Z8HHB8MGO8ZDHEBX5 /* GeneratedPluginRegistrant.m */,
				J4TX3AAW37HJV0PJ1TM4B9L1 /* Info.plist */,
				TJU25SD402GC230SKUG3Y59T /* Assets.xcassets */,
				RL7GVCCPGNLPP363NRXRP95N /* Main.storyboard */,
			);
			path = Runner;
			sourceTree = "<group>";
		};
		A5NQUL4WHCKPZ3KNSARJ7HBS /* Frameworks */ = {
			isa = PBXGroup;
			children = (
				U05HTF4EAXFZP0ZF25548RJI /* Pods_Runner.framework */,
				TTX6RUHNDNTH2SNOUPRNVXLB /* Pods_RunnerTests.framework */,
			);
			name = Frameworks;
			sourceTree = "<group>";
		};
		CWS4K5T6UP3TSZKAGKLLRXJC = {
			isa = PBXGroup;
			children = (
				7IOS7RZXMG69A49XGFAHWSTZ /* Runner */,
				JFLNWIXPKNAE4FIMOFA2G7JQ /* Pods */,
				L84G2LFIRZUPRZY17UWEAVUZ /* Products */,
				A5NQUL4WHCKPZ3KNSARJ7HBS /* Frameworks */,
				EYGXAA2OYW4P3IFOHWEKQR0Z /* Flutter */,
				0TXZ8B0B1RRSV6UJA1X53ERM /* RunnerTests */,
			);
			sourceTree = "<group>";
		};
		EYGXAA2OYW4P3IFOHWEKQR0Z /* Flutter */ = {
			isa = PBXGroup;
			children = (
				22SACN1OK4XF67AOIEVFSQOF /* AppFrameworkInfo.plist */,
				JA4L2UK0FFN9JN2L170SM95J /* Debug.xcconfig */,
				F0PJTLU330LLX5GZ96BLGEXJ /* Release.xcconfig */,
				IRU5UE7JVACKZEL0I9ZHZE2H /* Generated.xcconfig */,
			);
			name = Flutter;
			sourceTree = "<group>";
		};
		JFLNWIXPKNAE4FIMOFA2G7JQ /* Pods */ = {
			isa = PBXGroup;
			children = (
				L9KCJDGQ8TJQLJKNBT9VKEWY /* Pods-Runner.release.xcconfig */,
				1MR3PT685ZQO7CENPWA74DUJ /* Pods-RunnerTests.release.xcconfig */,
				0H9M36R5YF0SQ5SIRPZSC6RQ /* Pods-Runner.profile.xcconfig */,
				BNFL0ZQZX69TTS5EU4C4SDB1 /* Pods-Runner.debug.xcconfig */,
				JCPVLVTKLVTPYYD1J4NCXN75 /* Pods-RunnerTests.profile.xcconfig */,
				3XMG7VN3WX2GK40L7R2D1NQ6 /* Pods-RunnerTests.debug.xcconfig */,
			);
			path = Pods;
			sourceTree = "<group>";
		};
		L84G2LFIRZUPRZY17UWEAVUZ /* Products */ = {
			isa = PBXGroup;
			children = (
				5A1CBED8GY14UZANCJGAMSY8 /* Runner.app */,
				95QV2D36Z4KWIR7280521RMI /* RunnerTests.xctest */,
			);
			name = Products;
			sourceTree = "<group>";
		};
/* End PBXGroup section */

/* Begin PBXNativeTarget section */
		9N7VX51ZSH1SC1YUD8SZZR6W /* Runner */ = {
			isa = PBXNativeTarget;
			buildConfigurationList = GH97T7MIQFGNJDX3K0G79RY9 /* Build configuration list for PBXNativeTarget "Runner" */;
			buildPhases = (
				A49X6B2Q3IPT71VXK3HD3L14 /* [CP] Check Pods Manifest.lock */,
				WL1LEI4VMUHSRIDP60LO8MYF /* Run Script */,
				A4BS8WUSVNQY9A4X6GBS0FYI /* Sources */,
				C2XBSJB4QOA6VWES8LA9BAMP /* Frameworks */,
				9KFFFJ53EEDLMW8OXNEQLBWI /* Resources */,
				0FQT9ZRYWSG5M2VPW870EJUM /* Embed Frameworks */,
				KMF3D4U9OXMGAD65MLBP53L7 /* Thin Binary */,
				1NCBWJIV1O88OXW17Y1FAGMH /* [CP] Embed Pods Frameworks */,
			);
			buildRules = (
			);
			dependencies = (
			);
			name = Runner;
			productName = Runner;
			productReference = 5A1CBED8GY14UZANCJGAMSY8 /* Runner.app */;
			productType = "com.apple.product-type.application";
		};
		LA5ZTEGQ4JGHLA5SV1U32BHL /* RunnerTests */ = {
			isa = PBXNativeTarget;
			buildConfigurationList = 8IE5QPLCU5VHJ3VM70M0VBM6 /* Build configuration list for PBXNativeTarget "RunnerTests" */;
			buildPhases = (
				9TLW2S2KOASRWB1TI1PXUTAH /* [CP] Check Pods Manifest.lock */,
				6IVJK65TZWSRTXDY2VUMFSAY /* Sources */,
				ROPTPUSEDTXY3EPHONSSZCZU /* Resources */,
				UIQZCQQSLRF1X1OYUJ80ZSB8 /* Frameworks */,
			);
			buildRules = (
			);
			dependencies = (
				H8IR1UWAVM6GD67SR8VK8PMS /* PBXTargetDependency */,
			);
			name = RunnerTests;
			productName = RunnerTests;
			productReference = 95QV2D36Z4KWIR7280521RMI /* RunnerTests.xctest */;
			productType = "com.apple.product-type.bundle.unit-test";
		};
/* End PBXNativeTarget section */

/* Begin PBXProject section */
		SU7NQH1KOKN74NSTA5IEOHW2 /* Project object */ = {
			isa = PBXProject;
			attributes = {
				BuildIndependentTargetsInParallel = YES;
				LastUpgradeCheck = 1510;
				ORGANIZATIONNAME = "";
				TargetAttributes = {
					9N7VX51ZSH1SC1YUD8SZZR6W = {
						CreatedOnToolsVersion = 7.3.1;
						LastSwiftMigration = 1100;
					};
					LA5ZTEGQ4JGHLA5SV1U32BHL = {
						CreatedOnToolsVersion = 14.0;
						TestTargetID = 9N7VX51ZSH1SC1YUD8SZZR6W;
					};
				};
			};
			buildConfigurationList = 9ZGBYG0H0QD93TJ6FPUIFCOY /* Build configuration list for PBXProject "Runner" */;
			compatibilityVersion = "Xcode 9.3";
			developmentRegion = en;
			hasScannedForEncodings = 0;
			knownRegions = (
				en,
				Base,
			);
			mainGroup = CWS4K5T6UP3TSZKAGKLLRXJC;
			productRefGroup = L84G2LFIRZUPRZY17UWEAVUZ /* Products */;
			projectDirPath = "";
			projectRoot = "";
			targets = (
				9N7VX51ZSH1SC1YUD8SZZR6W /* Runner */,
				LA5ZTEGQ4JGHLA5SV1U32BHL /* RunnerTests */,
			);
		};
/* End PBXProject section */

/* Begin PBXResourcesBuildPhase section */
		9KFFFJ53EEDLMW8OXNEQLBWI /* Resources */ = {
			isa = PBXResourcesBuildPhase;
			buildActionMask = 2147483647;
			files = (
				JIVAYDV5JAOE0D2U81JXE1TP /* LaunchScreen.storyboard in Resources */,
				MA4V3FXXQQ51HJF2F1U9TQZU /* AppFrameworkInfo.plist in Resources */,
				H10E5Z7MI32X6M3RM75FZBRY /* Assets.xcassets in Resources */,
				C8RD3Z05DVJLW3KMUT2EDVYX /* Main.storyboard in Resources */,
			);
			runOnlyForDeploymentPostprocessing = 0;
		};
		ROPTPUSEDTXY3EPHONSSZCZU /* Resources */ = {
			isa = PBXResourcesBuildPhase;
			buildActionMask = 2147483647;
			files = (
			);
			runOnlyForDeploymentPostprocessing = 0;
		};
/* End PBXResourcesBuildPhase section */

/* Begin PBXShellScriptBuildPhase section */
		1NCBWJIV1O88OXW17Y1FAGMH /* [CP] Embed Pods Frameworks */ = {
			isa = PBXShellScriptBuildPhase;
			buildActionMask = 2147483647;
			files = (
			);
			inputFileListPaths = (
				"${PODS_ROOT}/Target Support Files/Pods-Runner/Pods-Runner-frameworks-${CONFIGURATION}-input-files.xcfilelist",
			);
			inputPaths = (
			);
			name = "[CP] Embed Pods Frameworks";
			outputFileListPaths = (
				"${PODS_ROOT}/Target Support Files/Pods-Runner/Pods-Runner-frameworks-${CONFIGURATION}-output-files.xcfilelist",
			);
			outputPaths = (
			);
			runOnlyForDeploymentPostprocessing = 0;
			shellPath = /bin/sh;
			shellScript = "\"${PODS_ROOT}/Target Support Files/Pods-Runner/Pods-Runner-frameworks.sh\"\n";
			showEnvVarsInLog = 0;
		};
		9TLW2S2KOASRWB1TI1PXUTAH /* [CP] Check Pods Manifest.lock */ = {
			isa = PBXShellScriptBuildPhase;
			buildActionMask = 2147483647;
			files = (
			);
			inputFileListPaths = (
			);
			inputPaths = (
				"${PODS_PODFILE_DIR_PATH}/Podfile.lock",
				"${PODS_ROOT}/Manifest.lock",
			);
			name = "[CP] Check Pods Manifest.lock";
			outputFileListPaths = (
			);
			outputPaths = (
				"$(DERIVED_FILE_DIR)/Pods-RunnerTests-checkManifestLockResult.txt",
			);
			runOnlyForDeploymentPostprocessing = 0;
			shellPath = /bin/sh;
			shellScript = "diff \"${PODS_PODFILE_DIR_PATH}/Podfile.lock\" \"${PODS_ROOT}/Manifest.lock\" > /dev/null\nif [ $? != 0 ] ; then\n    # print error to STDERR\n    echo \"error: The sandbox is not in sync with the Podfile.lock. Run 'pod install' or update your CocoaPods installation.\" >&2\n    exit 1\nfi\n# This output is used by Xcode 'outputs' to avoid re-running this script phase.\necho \"SUCCESS\" > \"${SCRIPT_OUTPUT_FILE_0}\"\n";
			showEnvVarsInLog = 0;
		};
		A49X6B2Q3IPT71VXK3HD3L14 /* [CP] Check Pods Manifest.lock */ = {
			isa = PBXShellScriptBuildPhase;
			buildActionMask = 2147483647;
			files = (
			);
			inputFileListPaths = (
			);
			inputPaths = (
				"${PODS_PODFILE_DIR_PATH}/Podfile.lock",
				"${PODS_ROOT}/Manifest.lock",
			);
			name = "[CP] Check Pods Manifest.lock";
			outputFileListPaths = (
			);
			outputPaths = (
				"$(DERIVED_FILE_DIR)/Pods-Runner-checkManifestLockResult.txt",
			);
			runOnlyForDeploymentPostprocessing = 0;
			shellPath = /bin/sh;
			shellScript = "diff \"${PODS_PODFILE_DIR_PATH}/Podfile.lock\" \"${PODS_ROOT}/Manifest.lock\" > /dev/null\nif [ $? != 0 ] ; then\n    # print error to STDERR\n    echo \"error: The sandbox is not in sync with the Podfile.lock. Run 'pod install' or update your CocoaPods installation.\" >&2\n    exit 1\nfi\n# This output is used by Xcode 'outputs' to avoid re-running this script phase.\necho \"SUCCESS\" > \"${SCRIPT_OUTPUT_FILE_0}\"\n";
			showEnvVarsInLog = 0;
		};
		KMF3D4U9OXMGAD65MLBP53L7 /* Thin Binary */ = {
			isa = PBXShellScriptBuildPhase;
			alwaysOutOfDate = 1;
			buildActionMask = 2147483647;
			files = (
			);
			inputPaths = (
				"${TARGET_BUILD_DIR}/${INFOPLIST_PATH}",
			);
			name = "Thin Binary";
			outputPaths = (
			);
			runOnlyForDeploymentPostprocessing = 0;
			shellPath = /bin/sh;
			shellScript = "/bin/sh \"$FLUTTER_ROOT/packages/flutter_tools/bin/xcode_backend.sh\" embed_and_thin";
		};
		WL1LEI4VMUHSRIDP60LO8MYF /* Run Script */ = {
			isa = PBXShellScriptBuildPhase;
			alwaysOutOfDate = 1;
			buildActionMask = 2147483647;
			files = (
			);
			inputPaths = (
			);
			name = "Run Script";
			outputPaths = (
			);
			runOnlyForDeploymentPostprocessing = 0;
			shellPath = /bin/sh;
			shellScript = "/bin/sh \"$FLUTTER_ROOT/packages/flutter_tools/bin/xcode_backend.sh\" build";
		};
/* End PBXShellScriptBuildPhase section */

/* Begin PBXSourcesBuildPhase section */
		6IVJK65TZWSRTXDY2VUMFSAY /* Sources */ = {
			isa = PBXSourcesBuildPhase;
			buildActionMask = 2147483647;
			files = (
				FM6D0PZH3AL73JZ6JR3J21MR /* RunnerTests.swift in Sources */,
			);
			runOnlyForDeploymentPostprocessing = 0;
		};
		A4BS8WUSVNQY9A4X6GBS0FYI /* Sources */ = {
			isa = PBXSourcesBuildPhase;
			buildActionMask = 2147483647;
			files = (
				5H8YL2CEWRN63XCWTEXMS71H /* AppDelegate.swift in Sources */,
				VEE0I1D1Y6NKLZ7CQINK8NT9 /* GeneratedPluginRegistrant.m in Sources */,
			);
			runOnlyForDeploymentPostprocessing = 0;
		};
/* End PBXSourcesBuildPhase section */

/* Begin PBXTargetDependency section */
		H8IR1UWAVM6GD67SR8VK8PMS /* PBXTargetDependency */ = {
			isa = PBXTargetDependency;
			target = 9N7VX51ZSH1SC1YUD8SZZR6W /* Runner */;
			targetProxy = ALSTT7D8EQDCNP50FI8EUIGN /* PBXContainerItemProxy */;
		};
/* End PBXTargetDependency section */

/* Begin PBXVariantGroup section */
		2VW50PF16ZXUOQN5G8CWBHTF /* LaunchScreen.storyboard */ = {
			isa = PBXVariantGroup;
			children = (
				X1EY53WUE3DOGYB56GM1M1C2 /* Base */,
			);
			name = LaunchScreen.storyboard;
			sourceTree = "<group>";
		};
		RL7GVCCPGNLPP363NRXRP95N /* Main.storyboard */ = {
			isa = PBXVariantGroup;
			children = (
				X39RPKNMLA53C83PDEHJ49F8 /* Base */,
			);
			name = Main.storyboard;
			sourceTree = "<group>";
		};
/* End PBXVariantGroup section */

/* Begin XCBuildConfiguration section */
		16C4ERJ4V6GKSP6S16SEW37H /* Release */ = {
			isa = XCBuildConfiguration;
			buildSettings = {
				ALWAYS_SEARCH_USER_PATHS = NO;
				ASSETCATALOG_COMPILER_GENERATE_SWIFT_ASSET_SYMBOL_EXTENSIONS = YES;
				CLANG_ANALYZER_NONNULL = YES;
				CLANG_CXX_LANGUAGE_STANDARD = "gnu++0x";
				CLANG_CXX_LIBRARY = "libc++";
				CLANG_ENABLE_MODULES = YES;
				CLANG_ENABLE_OBJC_ARC = YES;
				CLANG_WARN_BLOCK_CAPTURE_AUTORELEASING = YES;
				CLANG_WARN_BOOL_CONVERSION = YES;
				CLANG_WARN_COMMA = YES;
				CLANG_WARN_CONSTANT_CONVERSION = YES;
				CLANG_WARN_DEPRECATED_OBJC_IMPLEMENTATIONS = YES;
				CLANG_WARN_DIRECT_OBJC_ISA_USAGE = YES_ERROR;
				CLANG_WARN_EMPTY_BODY = YES;
				CLANG_WARN_ENUM_CONVERSION = YES;
				CLANG_WARN_INFINITE_RECURSION = YES;
				CLANG_WARN_INT_CONVERSION = YES;
				CLANG_WARN_NON_LITERAL_NULL_CONVERSION = YES;
				CLANG_WARN_OBJC_IMPLICIT_RETAIN_SELF = YES;
				CLANG_WARN_OBJC_LITERAL_CONVERSION = YES;
				CLANG_WARN_OBJC_ROOT_CLASS = YES_ERROR;
				CLANG_WARN_RANGE_LOOP_ANALYSIS = YES;
				CLANG_WARN_STRICT_PROTOTYPES = YES;
				CLANG_WARN_SUSPICIOUS_MOVE = YES;
				CLANG_WARN_UNREACHABLE_CODE = YES;
				CLANG_WARN__DUPLICATE_METHOD_MATCH = YES;
				"CODE_SIGN_IDENTITY[sdk=iphoneos*]" = "iPhone Developer";
				COPY_PHASE_STRIP = NO;
				DEBUG_INFORMATION_FORMAT = "dwarf-with-dsym";
				ENABLE_NS_ASSERTIONS = NO;
				ENABLE_STRICT_OBJC_MSGSEND = YES;
				ENABLE_USER_SCRIPT_SANDBOXING = NO;
				GCC_C_LANGUAGE_STANDARD = gnu99;
				GCC_NO_COMMON_BLOCKS = YES;
				GCC_WARN_64_TO_32_BIT_CONVERSION = YES;
				GCC_WARN_ABOUT_RETURN_TYPE = YES_ERROR;
				GCC_WARN_UNDECLARED_SELECTOR = YES;
				GCC_WARN_UNINITIALIZED_AUTOS = YES_AGGRESSIVE;
				GCC_WARN_UNUSED_FUNCTION = YES;
				GCC_WARN_UNUSED_VARIABLE = YES;
				IPHONEOS_DEPLOYMENT_TARGET = 13.0;
				MTL_ENABLE_DEBUG_INFO = NO;
				SDKROOT = iphoneos;
				SUPPORTED_PLATFORMS = iphoneos;
				SWIFT_COMPILATION_MODE = wholemodule;
				SWIFT_OPTIMIZATION_LEVEL = "-O";
				TARGETED_DEVICE_FAMILY = "1,2";
				VALIDATE_PRODUCT = YES;
			};
			name = Release;
		};
		CPMPUCVN59Z21N0GLYB1AVGQ /* Debug */ = {
			isa = XCBuildConfiguration;
			baseConfigurationReference = 3XMG7VN3WX2GK40L7R2D1NQ6 /* Pods-RunnerTests.debug.xcconfig */;
			buildSettings = {
				BUNDLE_LOADER = "$(TEST_HOST)";
				CODE_SIGN_STYLE = Automatic;
				CURRENT_PROJECT_VERSION = 1;
				GENERATE_INFOPLIST_FILE = YES;
				MARKETING_VERSION = 1.0;
				PRODUCT_BUNDLE_IDENTIFIER = com.example.orivet.RunnerTests;
				PRODUCT_NAME = "$(TARGET_NAME)";
				SWIFT_ACTIVE_COMPILATION_CONDITIONS = DEBUG;
				SWIFT_OPTIMIZATION_LEVEL = "-Onone";
				SWIFT_VERSION = 5.0;
				TEST_HOST = "$(BUILT_PRODUCTS_DIR)/Runner.app/$(BUNDLE_EXECUTABLE_FOLDER_PATH)/Runner";
			};
			name = Debug;
		};
		DJ21HZ6RJIRMB344Z1FEN5HJ /* Debug */ = {
			isa = XCBuildConfiguration;
			baseConfigurationReference = JA4L2UK0FFN9JN2L170SM95J /* Debug.xcconfig */;
			buildSettings = {
				ASSETCATALOG_COMPILER_APPICON_NAME = AppIcon;
				CLANG_ENABLE_MODULES = YES;
				"CODE_SIGN_IDENTITY[sdk=iphoneos*]" = "iPhone Distribution";
				CODE_SIGN_STYLE = Manual;
				CURRENT_PROJECT_VERSION = "$(FLUTTER_BUILD_NUMBER)";
				DEVELOPMENT_TEAM = "";
				"DEVELOPMENT_TEAM[sdk=iphoneos*]" = Y8FHZ29V9Q;
				ENABLE_BITCODE = NO;
				INFOPLIST_FILE = Runner/Info.plist;
				LD_RUNPATH_SEARCH_PATHS = (
					"$(inherited)",
					"@executable_path/Frameworks",
				);
				PRODUCT_BUNDLE_IDENTIFIER = herb.rue.fresh;
				PRODUCT_NAME = "$(TARGET_NAME)";
				PROVISIONING_PROFILE_SPECIFIER = "";
				"PROVISIONING_PROFILE_SPECIFIER[sdk=iphoneos*]" = Y8FHZ29V9Q.herb.rue.fresh;
				SUPPORTED_PLATFORMS = "iphoneos iphonesimulator";
				SUPPORTS_MACCATALYST = NO;
				SUPPORTS_MAC_DESIGNED_FOR_IPHONE_IPAD = NO;
				SUPPORTS_XR_DESIGNED_FOR_IPHONE_IPAD = NO;
				SWIFT_OBJC_BRIDGING_HEADER = "Runner/Runner-Bridging-Header.h";
				SWIFT_OPTIMIZATION_LEVEL = "-Onone";
				SWIFT_VERSION = 5.0;
				TARGETED_DEVICE_FAMILY = 1;
				VERSIONING_SYSTEM = "apple-generic";
			};
			name = Debug;
		};
		PBFEMH4KMA79XEJ9IP4XOV83 /* Release */ = {
			isa = XCBuildConfiguration;
			baseConfigurationReference = F0PJTLU330LLX5GZ96BLGEXJ /* Release.xcconfig */;
			buildSettings = {
				ASSETCATALOG_COMPILER_APPICON_NAME = AppIcon;
				CLANG_ENABLE_MODULES = YES;
				"CODE_SIGN_IDENTITY[sdk=iphoneos*]" = "iPhone Distribution";
				CODE_SIGN_STYLE = Manual;
				CURRENT_PROJECT_VERSION = "$(FLUTTER_BUILD_NUMBER)";
				DEVELOPMENT_TEAM = "";
				"DEVELOPMENT_TEAM[sdk=iphoneos*]" = Y8FHZ29V9Q;
				ENABLE_BITCODE = NO;
				INFOPLIST_FILE = Runner/Info.plist;
				LD_RUNPATH_SEARCH_PATHS = (
					"$(inherited)",
					"@executable_path/Frameworks",
				);
				PRODUCT_BUNDLE_IDENTIFIER = herb.rue.fresh;
				PRODUCT_NAME = "$(TARGET_NAME)";
				PROVISIONING_PROFILE_SPECIFIER = "";
				"PROVISIONING_PROFILE_SPECIFIER[sdk=iphoneos*]" = Y8FHZ29V9Q.herb.rue.fresh;
				SUPPORTED_PLATFORMS = "iphoneos iphonesimulator";
				SUPPORTS_MACCATALYST = NO;
				SUPPORTS_MAC_DESIGNED_FOR_IPHONE_IPAD = NO;
				SUPPORTS_XR_DESIGNED_FOR_IPHONE_IPAD = NO;
				SWIFT_OBJC_BRIDGING_HEADER = "Runner/Runner-Bridging-Header.h";
				SWIFT_VERSION = 5.0;
				TARGETED_DEVICE_FAMILY = 1;
				VERSIONING_SYSTEM = "apple-generic";
			};
			name = Release;
		};
		SL1W0V0M34WOA35TDT8VL6VU /* Profile */ = {
			isa = XCBuildConfiguration;
			buildSettings = {
				ALWAYS_SEARCH_USER_PATHS = NO;
				ASSETCATALOG_COMPILER_GENERATE_SWIFT_ASSET_SYMBOL_EXTENSIONS = YES;
				CLANG_ANALYZER_NONNULL = YES;
				CLANG_CXX_LANGUAGE_STANDARD = "gnu++0x";
				CLANG_CXX_LIBRARY = "libc++";
				CLANG_ENABLE_MODULES = YES;
				CLANG_ENABLE_OBJC_ARC = YES;
				CLANG_WARN_BLOCK_CAPTURE_AUTORELEASING = YES;
				CLANG_WARN_BOOL_CONVERSION = YES;
				CLANG_WARN_COMMA = YES;
				CLANG_WARN_CONSTANT_CONVERSION = YES;
				CLANG_WARN_DEPRECATED_OBJC_IMPLEMENTATIONS = YES;
				CLANG_WARN_DIRECT_OBJC_ISA_USAGE = YES_ERROR;
				CLANG_WARN_EMPTY_BODY = YES;
				CLANG_WARN_ENUM_CONVERSION = YES;
				CLANG_WARN_INFINITE_RECURSION = YES;
				CLANG_WARN_INT_CONVERSION = YES;
				CLANG_WARN_NON_LITERAL_NULL_CONVERSION = YES;
				CLANG_WARN_OBJC_IMPLICIT_RETAIN_SELF = YES;
				CLANG_WARN_OBJC_LITERAL_CONVERSION = YES;
				CLANG_WARN_OBJC_ROOT_CLASS = YES_ERROR;
				CLANG_WARN_RANGE_LOOP_ANALYSIS = YES;
				CLANG_WARN_STRICT_PROTOTYPES = YES;
				CLANG_WARN_SUSPICIOUS_MOVE = YES;
				CLANG_WARN_UNREACHABLE_CODE = YES;
				CLANG_WARN__DUPLICATE_METHOD_MATCH = YES;
				"CODE_SIGN_IDENTITY[sdk=iphoneos*]" = "iPhone Developer";
				COPY_PHASE_STRIP = NO;
				DEBUG_INFORMATION_FORMAT = "dwarf-with-dsym";
				ENABLE_NS_ASSERTIONS = NO;
				ENABLE_STRICT_OBJC_MSGSEND = YES;
				ENABLE_USER_SCRIPT_SANDBOXING = NO;
				GCC_C_LANGUAGE_STANDARD = gnu99;
				GCC_NO_COMMON_BLOCKS = YES;
				GCC_WARN_64_TO_32_BIT_CONVERSION = YES;
				GCC_WARN_ABOUT_RETURN_TYPE = YES_ERROR;
				GCC_WARN_UNDECLARED_SELECTOR = YES;
				GCC_WARN_UNINITIALIZED_AUTOS = YES_AGGRESSIVE;
				GCC_WARN_UNUSED_FUNCTION = YES;
				GCC_WARN_UNUSED_VARIABLE = YES;
				IPHONEOS_DEPLOYMENT_TARGET = 13.0;
				MTL_ENABLE_DEBUG_INFO = NO;
				SDKROOT = iphoneos;
				SUPPORTED_PLATFORMS = iphoneos;
				TARGETED_DEVICE_FAMILY = "1,2";
				VALIDATE_PRODUCT = YES;
			};
			name = Profile;
		};
		W13F9G9DKS0PXY03V0U9AK60 /* Debug */ = {
			isa = XCBuildConfiguration;
			buildSettings = {
				ALWAYS_SEARCH_USER_PATHS = NO;
				ASSETCATALOG_COMPILER_GENERATE_SWIFT_ASSET_SYMBOL_EXTENSIONS = YES;
				CLANG_ANALYZER_NONNULL = YES;
				CLANG_CXX_LANGUAGE_STANDARD = "gnu++0x";
				CLANG_CXX_LIBRARY = "libc++";
				CLANG_ENABLE_MODULES = YES;
				CLANG_ENABLE_OBJC_ARC = YES;
				CLANG_WARN_BLOCK_CAPTURE_AUTORELEASING = YES;
				CLANG_WARN_BOOL_CONVERSION = YES;
				CLANG_WARN_COMMA = YES;
				CLANG_WARN_CONSTANT_CONVERSION = YES;
				CLANG_WARN_DEPRECATED_OBJC_IMPLEMENTATIONS = YES;
				CLANG_WARN_DIRECT_OBJC_ISA_USAGE = YES_ERROR;
				CLANG_WARN_EMPTY_BODY = YES;
				CLANG_WARN_ENUM_CONVERSION = YES;
				CLANG_WARN_INFINITE_RECURSION = YES;
				CLANG_WARN_INT_CONVERSION = YES;
				CLANG_WARN_NON_LITERAL_NULL_CONVERSION = YES;
				CLANG_WARN_OBJC_IMPLICIT_RETAIN_SELF = YES;
				CLANG_WARN_OBJC_LITERAL_CONVERSION = YES;
				CLANG_WARN_OBJC_ROOT_CLASS = YES_ERROR;
				CLANG_WARN_RANGE_LOOP_ANALYSIS = YES;
				CLANG_WARN_STRICT_PROTOTYPES = YES;
				CLANG_WARN_SUSPICIOUS_MOVE = YES;
				CLANG_WARN_UNREACHABLE_CODE = YES;
				CLANG_WARN__DUPLICATE_METHOD_MATCH = YES;
				"CODE_SIGN_IDENTITY[sdk=iphoneos*]" = "iPhone Developer";
				COPY_PHASE_STRIP = NO;
				DEBUG_INFORMATION_FORMAT = dwarf;
				ENABLE_STRICT_OBJC_MSGSEND = YES;
				ENABLE_TESTABILITY = YES;
				ENABLE_USER_SCRIPT_SANDBOXING = NO;
				GCC_C_LANGUAGE_STANDARD = gnu99;
				GCC_DYNAMIC_NO_PIC = NO;
				GCC_NO_COMMON_BLOCKS = YES;
				GCC_OPTIMIZATION_LEVEL = 0;
				GCC_PREPROCESSOR_DEFINITIONS = (
					"DEBUG=1",
					"$(inherited)",
				);
				GCC_WARN_64_TO_32_BIT_CONVERSION = YES;
				GCC_WARN_ABOUT_RETURN_TYPE = YES_ERROR;
				GCC_WARN_UNDECLARED_SELECTOR = YES;
				GCC_WARN_UNINITIALIZED_AUTOS = YES_AGGRESSIVE;
				GCC_WARN_UNUSED_FUNCTION = YES;
				GCC_WARN_UNUSED_VARIABLE = YES;
				IPHONEOS_DEPLOYMENT_TARGET = 13.0;
				MTL_ENABLE_DEBUG_INFO = YES;
				ONLY_ACTIVE_ARCH = YES;
				SDKROOT = iphoneos;
				TARGETED_DEVICE_FAMILY = "1,2";
			};
			name = Debug;
		};
		WJIJHSK2X7874KML82566CXA /* Release */ = {
			isa = XCBuildConfiguration;
			baseConfigurationReference = 1MR3PT685ZQO7CENPWA74DUJ /* Pods-RunnerTests.release.xcconfig */;
			buildSettings = {
				BUNDLE_LOADER = "$(TEST_HOST)";
				CODE_SIGN_STYLE = Automatic;
				CURRENT_PROJECT_VERSION = 1;
				GENERATE_INFOPLIST_FILE = YES;
				MARKETING_VERSION = 1.0;
				PRODUCT_BUNDLE_IDENTIFIER = com.example.orivet.RunnerTests;
				PRODUCT_NAME = "$(TARGET_NAME)";
				SWIFT_VERSION = 5.0;
				TEST_HOST = "$(BUILT_PRODUCTS_DIR)/Runner.app/$(BUNDLE_EXECUTABLE_FOLDER_PATH)/Runner";
			};
			name = Release;
		};
		YIQL2N99UYW4THGVWWFHRZYD /* Profile */ = {
			isa = XCBuildConfiguration;
			baseConfigurationReference = JCPVLVTKLVTPYYD1J4NCXN75 /* Pods-RunnerTests.profile.xcconfig */;
			buildSettings = {
				BUNDLE_LOADER = "$(TEST_HOST)";
				CODE_SIGN_STYLE = Automatic;
				CURRENT_PROJECT_VERSION = 1;
				GENERATE_INFOPLIST_FILE = YES;
				MARKETING_VERSION = 1.0;
				PRODUCT_BUNDLE_IDENTIFIER = com.example.orivet.RunnerTests;
				PRODUCT_NAME = "$(TARGET_NAME)";
				SWIFT_VERSION = 5.0;
				TEST_HOST = "$(BUILT_PRODUCTS_DIR)/Runner.app/$(BUNDLE_EXECUTABLE_FOLDER_PATH)/Runner";
			};
			name = Profile;
		};
		Z3BZXW2HH3DSA3XI04GGZ0BY /* Profile */ = {
			isa = XCBuildConfiguration;
			baseConfigurationReference = F0PJTLU330LLX5GZ96BLGEXJ /* Release.xcconfig */;
			buildSettings = {
				ASSETCATALOG_COMPILER_APPICON_NAME = AppIcon;
				CLANG_ENABLE_MODULES = YES;
				"CODE_SIGN_IDENTITY[sdk=iphoneos*]" = "iPhone Distribution";
				CODE_SIGN_STYLE = Manual;
				CURRENT_PROJECT_VERSION = "$(FLUTTER_BUILD_NUMBER)";
				DEVELOPMENT_TEAM = "";
				"DEVELOPMENT_TEAM[sdk=iphoneos*]" = Y8FHZ29V9Q;
				ENABLE_BITCODE = NO;
				INFOPLIST_FILE = Runner/Info.plist;
				LD_RUNPATH_SEARCH_PATHS = (
					"$(inherited)",
					"@executable_path/Frameworks",
				);
				PRODUCT_BUNDLE_IDENTIFIER = herb.rue.fresh;
				PRODUCT_NAME = "$(TARGET_NAME)";
				PROVISIONING_PROFILE_SPECIFIER = "";
				"PROVISIONING_PROFILE_SPECIFIER[sdk=iphoneos*]" = Y8FHZ29V9Q.herb.rue.fresh;
				SUPPORTED_PLATFORMS = "iphoneos iphonesimulator";
				SUPPORTS_MACCATALYST = NO;
				SUPPORTS_MAC_DESIGNED_FOR_IPHONE_IPAD = NO;
				SUPPORTS_XR_DESIGNED_FOR_IPHONE_IPAD = NO;
				SWIFT_OBJC_BRIDGING_HEADER = "Runner/Runner-Bridging-Header.h";
				SWIFT_VERSION = 5.0;
				TARGETED_DEVICE_FAMILY = 1;
				VERSIONING_SYSTEM = "apple-generic";
			};
			name = Profile;
		};
/* End XCBuildConfiguration section */

/* Begin XCConfigurationList section */
		8IE5QPLCU5VHJ3VM70M0VBM6 /* Build configuration list for PBXNativeTarget "RunnerTests" */ = {
			isa = XCConfigurationList;
			buildConfigurations = (
				CPMPUCVN59Z21N0GLYB1AVGQ /* Debug */,
				WJIJHSK2X7874KML82566CXA /* Release */,
				YIQL2N99UYW4THGVWWFHRZYD /* Profile */,
			);
			defaultConfigurationIsVisible = 0;
			defaultConfigurationName = Release;
		};
		9ZGBYG0H0QD93TJ6FPUIFCOY /* Build configuration list for PBXProject "Runner" */ = {
			isa = XCConfigurationList;
			buildConfigurations = (
				W13F9G9DKS0PXY03V0U9AK60 /* Debug */,
				16C4ERJ4V6GKSP6S16SEW37H /* Release */,
				SL1W0V0M34WOA35TDT8VL6VU /* Profile */,
			);
			defaultConfigurationIsVisible = 0;
			defaultConfigurationName = Release;
		};
		GH97T7MIQFGNJDX3K0G79RY9 /* Build configuration list for PBXNativeTarget "Runner" */ = {
			isa = XCConfigurationList;
			buildConfigurations = (
				DJ21HZ6RJIRMB344Z1FEN5HJ /* Debug */,
				PBFEMH4KMA79XEJ9IP4XOV83 /* Release */,
				Z3BZXW2HH3DSA3XI04GGZ0BY /* Profile */,
			);
			defaultConfigurationIsVisible = 0;
			defaultConfigurationName = Release;
		};
/* End XCConfigurationList section */
	};
	rootObject = SU7NQH1KOKN74NSTA5IEOHW2 /* Project object */;
}
